// !$*UTF8*$!
{
	archiveVersion = 1;
	classes = {
	};
	objectVersion = 48;
	objects = {

/* Begin PBXBuildFile section */
		1C9537741FEDFB7800B87B01 /* AppDelegate.m in Sources */ = {isa = PBXBuildFile; fileRef = 1C9537731FEDFB7800B87B01 /* AppDelegate.m */; };
		1C95377C1FEDFB7800B87B01 /* Assets.xcassets in Resources */ = {isa = PBXBuildFile; fileRef = 1C95377B1FEDFB7800B87B01 /* Assets.xcassets */; };
		1C9537821FEDFB7800B87B01 /* main.m in Sources */ = {isa = PBXBuildFile; fileRef = 1C9537811FEDFB7800B87B01 /* main.m */; };
		1C9537911FEDFBEF00B87B01 /* WeChatPlugin.h in Headers */ = {isa = PBXBuildFile; fileRef = 1C95378F1FEDFBEF00B87B01 /* WeChatPlugin.h */; settings = {ATTRIBUTES = (Public, ); }; };
		1C9537941FEDFBEF00B87B01 /* WeChatPlugin.framework in Frameworks */ = {isa = PBXBuildFile; fileRef = 1C95378D1FEDFBEF00B87B01 /* WeChatPlugin.framework */; };
		1C9537951FEDFBEF00B87B01 /* WeChatPlugin.framework in Embed Frameworks */ = {isa = PBXBuildFile; fileRef = 1C95378D1FEDFBEF00B87B01 /* WeChatPlugin.framework */; settings = {ATTRIBUTES = (CodeSignOnCopy, RemoveHeadersOnCopy, ); }; };
/* End PBXBuildFile section */

/* Begin PBXContainerItemProxy section */
		1C9537921FEDFBEF00B87B01 /* PBXContainerItemProxy */ = {
			isa = PBXContainerItemProxy;
			containerPortal = 1C9537671FEDFB7700B87B01 /* Project object */;
			proxyType = 1;
			remoteGlobalIDString = 1C95378C1FEDFBEF00B87B01;
			remoteInfo = WeChatPlugin;
		};
/* End PBXContainerItemProxy section */

/* Begin PBXCopyFilesBuildPhase section */
		1C9537991FEDFBEF00B87B01 /* Embed Frameworks */ = {
			isa = PBXCopyFilesBuildPhase;
			buildActionMask = 2147483647;
			dstPath = "";
			dstSubfolderSpec = 10;
			files = (
				1C9537951FEDFBEF00B87B01 /* WeChatPlugin.framework in Embed Frameworks */,
			);
			name = "Embed Frameworks";
			runOnlyForDeploymentPostprocessing = 0;
		};
/* End PBXCopyFilesBuildPhase section */

/* Begin PBXFileReference section */
		1C95376F1FEDFB7800B87B01 /* WeChatHelper.app */ = {isa = PBXFileReference; explicitFileType = wrapper.application; includeInIndex = 0; path = WeChatHelper.app; sourceTree = BUILT_PRODUCTS_DIR; };
		1C9537721FEDFB7800B87B01 /* AppDelegate.h */ = {isa = PBXFileReference; lastKnownFileType = sourcecode.c.h; path = AppDelegate.h; sourceTree = "<group>"; };
		1C9537731FEDFB7800B87B01 /* AppDelegate.m */ = {isa = PBXFileReference; lastKnownFileType = sourcecode.c.objc; path = AppDelegate.m; sourceTree = "<group>"; };
		1C95377B1FEDFB7800B87B01 /* Assets.xcassets */ = {isa = PBXFileReference; lastKnownFileType = folder.assetcatalog; path = Assets.xcassets; sourceTree = "<group>"; };
		1C9537801FEDFB7800B87B01 /* Info.plist */ = {isa = PBXFileReference; lastKnownFileType = text.plist.xml; path = Info.plist; sourceTree = "<group>"; };
		1C9537811FEDFB7800B87B01 /* main.m */ = {isa = PBXFileReference; lastKnownFileType = sourcecode.c.objc; path = main.m; sourceTree = "<group>"; };
		1C95378D1FEDFBEF00B87B01 /* WeChatPlugin.framework */ = {isa = PBXFileReference; explicitFileType = wrapper.framework; includeInIndex = 0; path = WeChatPlugin.framework; sourceTree = BUILT_PRODUCTS_DIR; };
		1C95378F1FEDFBEF00B87B01 /* WeChatPlugin.h */ = {isa = PBXFileReference; lastKnownFileType = sourcecode.c.h; path = WeChatPlugin.h; sourceTree = "<group>"; };
		1C9537901FEDFBEF00B87B01 /* Info.plist */ = {isa = PBXFileReference; lastKnownFileType = text.plist.xml; path = Info.plist; sourceTree = "<group>"; };
/* End PBXFileReference section */

/* Begin PBXFrameworksBuildPhase section */
		1C95376C1FEDFB7700B87B01 /* Frameworks */ = {
			isa = PBXFrameworksBuildPhase;
			buildActionMask = 2147483647;
			files = (
				1C9537941FEDFBEF00B87B01 /* WeChatPlugin.framework in Frameworks */,
			);
			runOnlyForDeploymentPostprocessing = 0;
		};
		1C9537891FEDFBEF00B87B01 /* Frameworks */ = {
			isa = PBXFrameworksBuildPhase;
			buildActionMask = 2147483647;
			files = (
			);
			runOnlyForDeploymentPostprocessing = 0;
		};
/* End PBXFrameworksBuildPhase section */

/* Begin PBXGroup section */
		1C9537661FEDFB7700B87B01 = {
			isa = PBXGroup;
			children = (
				1C9537711FEDFB7800B87B01 /* WeChatHelper */,
				1C95378E1FEDFBEF00B87B01 /* WeChatPlugin */,
				1C9537701FEDFB7800B87B01 /* Products */,
			);
			sourceTree = "<group>";
		};
		1C9537701FEDFB7800B87B01 /* Products */ = {
			isa = PBXGroup;
			children = (
				1C95376F1FEDFB7800B87B01 /* WeChatHelper.app */,
				1C95378D1FEDFBEF00B87B01 /* WeChatPlugin.framework */,
			);
			name = Products;
			sourceTree = "<group>";
		};
		1C9537711FEDFB7800B87B01 /* WeChatHelper */ = {
			isa = PBXGroup;
			children = (
				1C9537721FEDFB7800B87B01 /* AppDelegate.h */,
				1C9537731FEDFB7800B87B01 /* AppDelegate.m */,
				1C95377B1FEDFB7800B87B01 /* Assets.xcassets */,
				1C9537801FEDFB7800B87B01 /* Info.plist */,
				1C9537811FEDFB7800B87B01 /* main.m */,
			);
			path = WeChatHelper;
			sourceTree = "<group>";
		};
		1C95378E1FEDFBEF00B87B01 /* WeChatPlugin */ = {
			isa = PBXGroup;
			children = (
				1C95378F1FEDFBEF00B87B01 /* WeChatPlugin.h */,
				1C9537901FEDFBEF00B87B01 /* Info.plist */,
			);
			path = WeChatPlugin;
			sourceTree = "<group>";
		};
/* End PBXGroup section */

/* Begin PBXHeadersBuildPhase section */
		1C95378A1FEDFBEF00B87B01 /* Headers */ = {
			isa = PBXHeadersBuildPhase;
			buildActionMask = 2147483647;
			files = (
				1C9537911FEDFBEF00B87B01 /* WeChatPlugin.h in Headers */,
			);
			runOnlyForDeploymentPostprocessing = 0;
		};
/* End PBXHeadersBuildPhase section */

/* Begin PBXNativeTarget section */
		1C95376E1FEDFB7700B87B01 /* WeChatHelper */ = {
			isa = PBXNativeTarget;
			buildConfigurationList = 1C9537851FEDFB7800B87B01 /* Build configuration list for PBXNativeTarget "WeChatHelper" */;
			buildPhases = (
				1C95376B1FEDFB7700B87B01 /* Sources */,
				1C95376C1FEDFB7700B87B01 /* Frameworks */,
				1C95376D1FEDFB7700B87B01 /* Resources */,
				1C9537991FEDFBEF00B87B01 /* Embed Frameworks */,
			);
			buildRules = (
			);
			dependencies = (
				1C9537931FEDFBEF00B87B01 /* PBXTargetDependency */,
			);
			name = WeChatHelper;
			productName = WeChatHelper;
			productReference = 1C95376F1FEDFB7800B87B01 /* WeChatHelper.app */;
			productType = "com.apple.product-type.application";
		};
		1C95378C1FEDFBEF00B87B01 /* WeChatPlugin */ = {
			isa = PBXNativeTarget;
			buildConfigurationList = 1C9537961FEDFBEF00B87B01 /* Build configuration list for PBXNativeTarget "WeChatPlugin" */;
			buildPhases = (
				1C9537881FEDFBEF00B87B01 /* Sources */,
				1C9537891FEDFBEF00B87B01 /* Frameworks */,
				1C95378A1FEDFBEF00B87B01 /* Headers */,
				1C95378B1FEDFBEF00B87B01 /* Resources */,
			);
			buildRules = (
			);
			dependencies = (
			);
			name = WeChatPlugin;
			productName = WeChatPlugin;
			productReference = 1C95378D1FEDFBEF00B87B01 /* WeChatPlugin.framework */;
			productType = "com.apple.product-type.framework";
		};
/* End PBXNativeTarget section */

/* Begin PBXProject section */
		1C9537671FEDFB7700B87B01 /* Project object */ = {
			isa = PBXProject;
			attributes = {
				LastUpgradeCheck = 0920;
				ORGANIZATIONNAME = wadahana;
				TargetAttributes = {
					1C95376E1FEDFB7700B87B01 = {
						CreatedOnToolsVersion = 9.2;
						ProvisioningStyle = Automatic;
					};
					1C95378C1FEDFBEF00B87B01 = {
						CreatedOnToolsVersion = 9.2;
						ProvisioningStyle = Automatic;
					};
				};
			};
			buildConfigurationList = 1C95376A1FEDFB7700B87B01 /* Build configuration list for PBXProject "WeChatHelper" */;
			compatibilityVersion = "Xcode 8.0";
			developmentRegion = en;
			hasScannedForEncodings = 0;
			knownRegions = (
				en,
				Base,
			);
			mainGroup = 1C9537661FEDFB7700B87B01;
			productRefGroup = 1C9537701FEDFB7800B87B01 /* Products */;
			projectDirPath = "";
			projectRoot = "";
			targets = (
				1C95376E1FEDFB7700B87B01 /* WeChatHelper */,
				1C95378C1FEDFBEF00B87B01 /* WeChatPlugin */,
			);
		};
/* End PBXProject section */

/* Begin PBXResourcesBuildPhase section */
		1C95376D1FEDFB7700B87B01 /* Resources */ = {
			isa = PBXResourcesBuildPhase;
			buildActionMask = 2147483647;
			files = (
				1C95377C1FEDFB7800B87B01 /* Assets.xcassets in Resources */,
			);
			runOnlyForDeploymentPostprocessing = 0;
		};
		1C95378B1FEDFBEF00B87B01 /* Resources */ = {
			isa = PBXResourcesBuildPhase;
			buildActionMask = 2147483647;
			files = (
			);
			runOnlyForDeploymentPostprocessing = 0;
		};
/* End PBXResourcesBuildPhase section */

/* Begin PBXSourcesBuildPhase section */
		1C95376B1FEDFB7700B87B01 /* Sources */ = {
			isa = PBXSourcesBuildPhase;
			buildActionMask = 2147483647;
			files = (
				1C9537821FEDFB7800B87B01 /* main.m in Sources */,
				1C9537741FEDFB7800B87B01 /* AppDelegate.m in Sources */,
			);
			runOnlyForDeploymentPostprocessing = 0;
		};
		1C9537881FEDFBEF00B87B01 /* Sources */ = {
			isa = PBXSourcesBuildPhase;
			buildActionMask = 2147483647;
			files = (
			);
			runOnlyForDeploymentPostprocessing = 0;
		};
/* End PBXSourcesBuildPhase section */

/* Begin PBXTargetDependency section */
		1C9537931FEDFBEF00B87B01 /* PBXTargetDependency */ = {
			isa = PBXTargetDependency;
			target = 1C95378C1FEDFBEF00B87B01 /* WeChatPlugin */;
			targetProxy = 1C9537921FEDFBEF00B87B01 /* PBXContainerItemProxy */;
		};
/* End PBXTargetDependency section */

/* Begin XCBuildConfiguration section */
		1C9537831FEDFB7800B87B01 /* Debug */ = {
			isa = XCBuildConfiguration;
			buildSettings = {
				ALWAYS_SEARCH_USER_PATHS = NO;
				CLANG_ANALYZER_NONNULL = YES;
				CLANG_ANALYZER_NUMBER_OBJECT_CONVERSION = YES_AGGRESSIVE;
				CLANG_CXX_LANGUAGE_STANDARD = "gnu++14";
				CLANG_CXX_LIBRARY = "libc++";
				CLANG_ENABLE_MODULES = YES;
				CLANG_ENABLE_OBJC_ARC = YES;
				CLANG_WARN_BLOCK_CAPTURE_AUTORELEASING = YES;
				CLANG_WARN_BOOL_CONVERSION = YES;
				CLANG_WARN_COMMA = YES;
				CLANG_WARN_CONSTANT_CONVERSION = YES;
				CLANG_WARN_DIRECT_OBJC_ISA_USAGE = YES_ERROR;
				CLANG_WARN_DOCUMENTATION_COMMENTS = YES;
				CLANG_WARN_EMPTY_BODY = YES;
				CLANG_WARN_ENUM_CONVERSION = YES;
				CLANG_WARN_INFINITE_RECURSION = YES;
				CLANG_WARN_INT_CONVERSION = YES;
				CLANG_WARN_NON_LITERAL_NULL_CONVERSION = YES;
				CLANG_WARN_OBJC_LITERAL_CONVERSION = YES;
				CLANG_WARN_OBJC_ROOT_CLASS = YES_ERROR;
				CLANG_WARN_RANGE_LOOP_ANALYSIS = YES;
				CLANG_WARN_STRICT_PROTOTYPES = YES;
				CLANG_WARN_SUSPICIOUS_MOVE = YES;
				CLANG_WARN_UNGUARDED_AVAILABILITY = YES_AGGRESSIVE;
				CLANG_WARN_UNREACHABLE_CODE = YES;
				CLANG_WARN__DUPLICATE_METHOD_MATCH = YES;
				CODE_SIGN_IDENTITY = "iPhone Developer";
				COPY_PHASE_STRIP = NO;
				DEBUG_INFORMATION_FORMAT = dwarf;
				ENABLE_STRICT_OBJC_MSGSEND = YES;
				ENABLE_TESTABILITY = YES;
				GCC_C_LANGUAGE_STANDARD = gnu11;
				GCC_DYNAMIC_NO_PIC = NO;
				GCC_NO_COMMON_BLOCKS = YES;
				GCC_OPTIMIZATION_LEVEL = 0;
				GCC_PREPROCESSOR_DEFINITIONS = (
					"DEBUG=1",
					"$(inherited)",
				);
				GCC_WARN_64_TO_32_BIT_CONVERSION = YES;
				GCC_WARN_ABOUT_RETURN_TYPE = YES_ERROR;
				GCC_WARN_UNDECLARED_SELECTOR = YES;
				GCC_WARN_UNINITIALIZED_AUTOS = YES_AGGRESSIVE;
				GCC_WARN_UNUSED_FUNCTION = YES;
				GCC_WARN_UNUSED_VARIABLE = YES;
				IPHONEOS_DEPLOYMENT_TARGET = 11.2;
				MTL_ENABLE_DEBUG_INFO = YES;
				ONLY_ACTIVE_ARCH = YES;
				SDKROOT = iphoneos;
			};
			name = Debug;
		};
		1C9537841FEDFB7800B87B01 /* Release */ = {
			isa = XCBuildConfiguration;
			buildSettings = {
				ALWAYS_SEARCH_USER_PATHS = NO;
				CLANG_ANALYZER_NONNULL = YES;
				CLANG_ANALYZER_NUMBER_OBJECT_CONVERSION = YES_AGGRESSIVE;
				CLANG_CXX_LANGUAGE_STANDARD = "gnu++14";
				CLANG_CXX_LIBRARY = "libc++";
				CLANG_ENABLE_MODULES = YES;
				CLANG_ENABLE_OBJC_ARC = YES;
				CLANG_WARN_BLOCK_CAPTURE_AUTORELEASING = YES;
				CLANG_WARN_BOOL_CONVERSION = YES;
				CLANG_WARN_COMMA = YES;
				CLANG_WARN_CONSTANT_CONVERSION = YES;
				CLANG_WARN_DIRECT_OBJC_ISA_USAGE = YES_ERROR;
				CLANG_WARN_DOCUMENTATION_COMMENTS = YES;
				CLANG_WARN_EMPTY_BODY = YES;
				CLANG_WARN_ENUM_CONVERSION = YES;
				CLANG_WARN_INFINITE_RECURSION = YES;
				CLANG_WARN_INT_CONVERSION = YES;
				CLANG_WARN_NON_LITERAL_NULL_CONVERSION = YES;
				CLANG_WARN_OBJC_LITERAL_CONVERSION = YES;
				CLANG_WARN_OBJC_ROOT_CLASS = YES_ERROR;
				CLANG_WARN_RANGE_LOOP_ANALYSIS = YES;
				CLANG_WARN_STRICT_PROTOTYPES = YES;
				CLANG_WARN_SUSPICIOUS_MOVE = YES;
				CLANG_WARN_UNGUARDED_AVAILABILITY = YES_AGGRESSIVE;
				CLANG_WARN_UNREACHABLE_CODE = YES;
				CLANG_WARN__DUPLICATE_METHOD_MATCH = YES;
				CODE_SIGN_IDENTITY = "iPhone Developer";
				COPY_PHASE_STRIP = NO;
				DEBUG_INFORMATION_FORMAT = "dwarf-with-dsym";
				ENABLE_NS_ASSERTIONS = NO;
				ENABLE_STRICT_OBJC_MSGSEND = YES;
				GCC_C_LANGUAGE_STANDARD = gnu11;
				GCC_NO_COMMON_BLOCKS = YES;
				GCC_WARN_64_TO_32_BIT_CONVERSION = YES;
				GCC_WARN_ABOUT_RETURN_TYPE = YES_ERROR;
				GCC_WARN_UNDECLARED_SELECTOR = YES;
				GCC_WARN_UNINITIALIZED_AUTOS = YES_AGGRESSIVE;
				GCC_WARN_UNUSED_FUNCTION = YES;
				GCC_WARN_UNUSED_VARIABLE = YES;
				IPHONEOS_DEPLOYMENT_TARGET = 11.2;
				MTL_ENABLE_DEBUG_INFO = NO;
				SDKROOT = iphoneos;
				VALIDATE_PRODUCT = YES;
			};
			name = Release;
		};
		1C9537861FEDFB7800B87B01 /* Debug */ = {
			isa = XCBuildConfiguration;
			buildSettings = {
				ASSETCATALOG_COMPILER_APPICON_NAME = AppIcon;
				CLANG_WARN_STRICT_PROTOTYPES = NO;
				CODE_SIGN_STYLE = Automatic;
				DEVELOPMENT_TEAM = 8D983AWF36;
				INFOPLIST_FILE = WeChatHelper/Info.plist;
				LD_RUNPATH_SEARCH_PATHS = "$(inherited) @executable_path/Frameworks";
				PRODUCT_BUNDLE_IDENTIFIER = com.wechat.hijack;
				PRODUCT_NAME = "$(TARGET_NAME)";
				TARGETED_DEVICE_FAMILY = "1,2";
			};
			name = Debug;
		};
		1C9537871FEDFB7800B87B01 /* Release */ = {
			isa = XCBuildConfiguration;
			buildSettings = {
				ASSETCATALOG_COMPILER_APPICON_NAME = AppIcon;
				CLANG_WARN_STRICT_PROTOTYPES = NO;
				CODE_SIGN_STYLE = Automatic;
				DEVELOPMENT_TEAM = 8D983AWF36;
				INFOPLIST_FILE = WeChatHelper/Info.plist;
				LD_RUNPATH_SEARCH_PATHS = "$(inherited) @executable_path/Frameworks";
				PRODUCT_BUNDLE_IDENTIFIER = com.wechat.hijack;
				PRODUCT_NAME = "$(TARGET_NAME)";
				TARGETED_DEVICE_FAMILY = "1,2";
			};
			name = Release;
		};
		1C9537971FEDFBEF00B87B01 /* Debug */ = {
			isa = XCBuildConfiguration;
			buildSettings = {
				CLANG_WARN_STRICT_PROTOTYPES = NO;
				CODE_SIGN_IDENTITY = "";
				CODE_SIGN_STYLE = Automatic;
				CURRENT_PROJECT_VERSION = 1;
				DEFINES_MODULE = YES;
				DEVELOPMENT_TEAM = 8D983AWF36;
				DYLIB_COMPATIBILITY_VERSION = 1;
				DYLIB_CURRENT_VERSION = 1;
				DYLIB_INSTALL_NAME_BASE = "@rpath";
				INFOPLIST_FILE = WeChatPlugin/Info.plist;
				INSTALL_PATH = "$(LOCAL_LIBRARY_DIR)/Frameworks";
				LD_RUNPATH_SEARCH_PATHS = "$(inherited) @executable_path/Frameworks @loader_path/Frameworks";
				PRODUCT_BUNDLE_IDENTIFIER = com.wechat.hijack.plugin;
				PRODUCT_NAME = "$(TARGET_NAME:c99extidentifier)";
				SKIP_INSTALL = YES;
				TARGETED_DEVICE_FAMILY = "1,2";
				VERSIONING_SYSTEM = "apple-generic";
				VERSION_INFO_PREFIX = "";
			};
			name = Debug;
		};
		1C9537981FEDFBEF00B87B01 /* Release */ = {
			isa = XCBuildConfiguration;
			buildSettings = {
				CLANG_WARN_STRICT_PROTOTYPES = NO;
				CODE_SIGN_IDENTITY = "";
				CODE_SIGN_STYLE = Automatic;
				CURRENT_PROJECT_VERSION = 1;
				DEFINES_MODULE = YES;
				DEVELOPMENT_TEAM = 8D983AWF36;
				DYLIB_COMPATIBILITY_VERSION = 1;
				DYLIB_CURRENT_VERSION = 1;
				DYLIB_INSTALL_NAME_BASE = "@rpath";
				INFOPLIST_FILE = WeChatPlugin/Info.plist;
				INSTALL_PATH = "$(LOCAL_LIBRARY_DIR)/Frameworks";
				LD_RUNPATH_SEARCH_PATHS = "$(inherited) @executable_path/Frameworks @loader_path/Frameworks";
				PRODUCT_BUNDLE_IDENTIFIER = com.wechat.hijack.plugin;
				PRODUCT_NAME = "$(TARGET_NAME:c99extidentifier)";
				SKIP_INSTALL = YES;
				TARGETED_DEVICE_FAMILY = "1,2";
				VERSIONING_SYSTEM = "apple-generic";
				VERSION_INFO_PREFIX = "";
			};
			name = Release;
		};
/* End XCBuildConfiguration section */

/* Begin XCConfigurationList section */
		1C95376A1FEDFB7700B87B01 /* Build configuration list for PBXProject "WeChatHelper" */ = {
			isa = XCConfigurationList;
			buildConfigurations = (
				1C9537831FEDFB7800B87B01 /* Debug */,
				1C9537841FEDFB7800B87B01 /* Release */,
			);
			defaultConfigurationIsVisible = 0;
			defaultConfigurationName = Release;
		};
		1C9537851FEDFB7800B87B01 /* Build configuration list for PBXNativeTarget "WeChatHelper" */ = {
			isa = XCConfigurationList;
			buildConfigurations = (
				1C9537861FEDFB7800B87B01 /* Debug */,
				1C9537871FEDFB7800B87B01 /* Release */,
			);
			defaultConfigurationIsVisible = 0;
			defaultConfigurationName = Release;
		};
		1C9537961FEDFBEF00B87B01 /* Build configuration list for PBXNativeTarget "WeChatPlugin" */ = {
			isa = XCConfigurationList;
			buildConfigurations = (
				1C9537971FEDFBEF00B87B01 /* Debug */,
				1C9537981FEDFBEF00B87B01 /* Release */,
			);
			defaultConfigurationIsVisible = 0;
			defaultConfigurationName = Release;
		};
/* End XCConfigurationList section */
	};
	rootObject = 1C9537671FEDFB7700B87B01 /* Project object */;
}
