// !$*UTF8*$!
{
	archiveVersion = 1;
	classes = {
	};
	objectVersion = 48;
	objects = {

/* Begin PBXBuildFile section */
		1C09180B2018B9360082723F /* optool in Resources */ = {isa = PBXBuildFile; fileRef = 1C0918092018B9360082723F /* optool */; };
		1C09180C2018B9360082723F /* patch.sh in Resources */ = {isa = PBXBuildFile; fileRef = 1C09180A2018B9360082723F /* patch.sh */; };
		1C09180F2018CFDD0082723F /* WGS84TOGCJ02.m in Sources */ = {isa = PBXBuildFile; fileRef = 1C09180D2018CFDD0082723F /* WGS84TOGCJ02.m */; };
		1C0918102018CFDD0082723F /* WGS84TOGCJ02.h in Headers */ = {isa = PBXBuildFile; fileRef = 1C09180E2018CFDD0082723F /* WGS84TOGCJ02.h */; };
		1C5793DD1FFE8BED00074669 /* WCPluginRedEnvelopViewController.m in Sources */ = {isa = PBXBuildFile; fileRef = 1C5793DB1FFE8BED00074669 /* WCPluginRedEnvelopViewController.m */; };
		1C5793DE1FFE8BED00074669 /* WCPluginRedEnvelopViewController.h in Headers */ = {isa = PBXBuildFile; fileRef = 1C5793DC1FFE8BED00074669 /* WCPluginRedEnvelopViewController.h */; };
		1C5793E11FFE8C6F00074669 /* WCPluginAccountViewController.h in Headers */ = {isa = PBXBuildFile; fileRef = 1C5793DF1FFE8C6F00074669 /* WCPluginAccountViewController.h */; };
		1C5793E21FFE8C6F00074669 /* WCPluginAccountViewController.m in Sources */ = {isa = PBXBuildFile; fileRef = 1C5793E01FFE8C6F00074669 /* WCPluginAccountViewController.m */; };
		1C5793E51FFE8E0200074669 /* WCPluginHiddenViewController.h in Headers */ = {isa = PBXBuildFile; fileRef = 1C5793E31FFE8E0200074669 /* WCPluginHiddenViewController.h */; };
		1C5793E61FFE8E0200074669 /* WCPluginHiddenViewController.m in Sources */ = {isa = PBXBuildFile; fileRef = 1C5793E41FFE8E0200074669 /* WCPluginHiddenViewController.m */; };
		1C6A1A8F2007C44800A51BB7 /* WCPluginContactHiddenHijack.m in Sources */ = {isa = PBXBuildFile; fileRef = 1C6A1A8E2007C44800A51BB7 /* WCPluginContactHiddenHijack.m */; };
		1C6A1A932007C9FE00A51BB7 /* WCPluginUtils.m in Sources */ = {isa = PBXBuildFile; fileRef = 1C6A1A922007C9FE00A51BB7 /* WCPluginUtils.m */; };
		1C7CF4C1200D0A4C00691E0F /* MMTableViewInfoDelegate.h in Headers */ = {isa = PBXBuildFile; fileRef = 1C7CF4BA200D0A4C00691E0F /* MMTableViewInfoDelegate.h */; };
		1C7CF4C2200D0A4C00691E0F /* MMTableViewUserInfo.h in Headers */ = {isa = PBXBuildFile; fileRef = 1C7CF4BB200D0A4C00691E0F /* MMTableViewUserInfo.h */; };
		1C7CF4C3200D0A4C00691E0F /* MMTableViewCellInfo.h in Headers */ = {isa = PBXBuildFile; fileRef = 1C7CF4BC200D0A4C00691E0F /* MMTableViewCellInfo.h */; };
		1C7CF4C4200D0A4C00691E0F /* MMTableViewInfo.h in Headers */ = {isa = PBXBuildFile; fileRef = 1C7CF4BD200D0A4C00691E0F /* MMTableViewInfo.h */; };
		1C7CF4C5200D0A4C00691E0F /* MMTableViewCell.h in Headers */ = {isa = PBXBuildFile; fileRef = 1C7CF4BE200D0A4C00691E0F /* MMTableViewCell.h */; };
		1C7CF4C6200D0A4C00691E0F /* MMTableViewSectionInfo.h in Headers */ = {isa = PBXBuildFile; fileRef = 1C7CF4BF200D0A4C00691E0F /* MMTableViewSectionInfo.h */; };
		1C7CF4C7200D0A4C00691E0F /* MMTableView.h in Headers */ = {isa = PBXBuildFile; fileRef = 1C7CF4C0200D0A4C00691E0F /* MMTableView.h */; };
		1C7CF4CA200D0A8000691E0F /* MMTableViewDelegate.h in Headers */ = {isa = PBXBuildFile; fileRef = 1C7CF4C8200D0A8000691E0F /* MMTableViewDelegate.h */; };
		1C7CF4CB200D0A8000691E0F /* MMDelegateCenterExt.h in Headers */ = {isa = PBXBuildFile; fileRef = 1C7CF4C9200D0A8000691E0F /* MMDelegateCenterExt.h */; };
		1C7CF4CE200D0D0E00691E0F /* WCPluginMapViewController.h in Headers */ = {isa = PBXBuildFile; fileRef = 1C7CF4CC200D0D0E00691E0F /* WCPluginMapViewController.h */; };
		1C7CF4CF200D0D0E00691E0F /* WCPluginMapViewController.m in Sources */ = {isa = PBXBuildFile; fileRef = 1C7CF4CD200D0D0E00691E0F /* WCPluginMapViewController.m */; };
		1C7CF4D1200D0D7700691E0F /* MMObject.h in Headers */ = {isa = PBXBuildFile; fileRef = 1C7CF4D0200D0D7600691E0F /* MMObject.h */; };
		1C8ED4322008FB340013ECED /* WCPluginRedEnvelopOperation.m in Sources */ = {isa = PBXBuildFile; fileRef = 1C8ED4282008FB340013ECED /* WCPluginRedEnvelopOperation.m */; };
		1C8ED4332008FB340013ECED /* WCPluginRedEnvelopTaskManager.h in Headers */ = {isa = PBXBuildFile; fileRef = 1C8ED4292008FB340013ECED /* WCPluginRedEnvelopTaskManager.h */; };
		1C8ED4342008FB340013ECED /* WCPluginRedEnvelopParam.m in Sources */ = {isa = PBXBuildFile; fileRef = 1C8ED42A2008FB340013ECED /* WCPluginRedEnvelopParam.m */; };
		1C8ED4352008FB340013ECED /* WCPluginRedEnvelopTaskManager.m in Sources */ = {isa = PBXBuildFile; fileRef = 1C8ED42B2008FB340013ECED /* WCPluginRedEnvelopTaskManager.m */; };
		1C8ED4362008FB340013ECED /* WCPluginRedEnvelopOperation.h in Headers */ = {isa = PBXBuildFile; fileRef = 1C8ED42C2008FB340013ECED /* WCPluginRedEnvelopOperation.h */; };
		1C8ED4372008FB340013ECED /* WCPluginRedEnvelopHelper.h in Headers */ = {isa = PBXBuildFile; fileRef = 1C8ED42D2008FB340013ECED /* WCPluginRedEnvelopHelper.h */; };
		1C8ED4382008FB340013ECED /* WCPluginRedEnvelopParam.h in Headers */ = {isa = PBXBuildFile; fileRef = 1C8ED42E2008FB340013ECED /* WCPluginRedEnvelopParam.h */; };
		1C8ED4392008FB340013ECED /* WCPluginRedEnvelopParamQueue.m in Sources */ = {isa = PBXBuildFile; fileRef = 1C8ED42F2008FB340013ECED /* WCPluginRedEnvelopParamQueue.m */; };
		1C8ED43A2008FB340013ECED /* WCPluginRedEnvelopParamQueue.h in Headers */ = {isa = PBXBuildFile; fileRef = 1C8ED4302008FB340013ECED /* WCPluginRedEnvelopParamQueue.h */; };
		1C8ED43B2008FB340013ECED /* WCPluginRedEnvelopHelper.m in Sources */ = {isa = PBXBuildFile; fileRef = 1C8ED4312008FB340013ECED /* WCPluginRedEnvelopHelper.m */; };
		1C8ED43E200904B00013ECED /* WCPluginRedEnvelopHijack.h in Headers */ = {isa = PBXBuildFile; fileRef = 1C8ED43C200904B00013ECED /* WCPluginRedEnvelopHijack.h */; };
		1C8ED43F200904B00013ECED /* WCPluginRedEnvelopHijack.m in Sources */ = {isa = PBXBuildFile; fileRef = 1C8ED43D200904B00013ECED /* WCPluginRedEnvelopHijack.m */; };
		1C8ED441200910E80013ECED /* MMTabBarController.h in Headers */ = {isa = PBXBuildFile; fileRef = 1C8ED440200910E80013ECED /* MMTabBarController.h */; };
		1C8ED4482009C57D0013ECED /* WCPluginLocationViewController.h in Headers */ = {isa = PBXBuildFile; fileRef = 1C8ED4462009C57D0013ECED /* WCPluginLocationViewController.h */; };
		1C8ED4492009C57D0013ECED /* WCPluginLocationViewController.m in Sources */ = {isa = PBXBuildFile; fileRef = 1C8ED4472009C57D0013ECED /* WCPluginLocationViewController.m */; };
		1C9537741FEDFB7800B87B01 /* AppDelegate.m in Sources */ = {isa = PBXBuildFile; fileRef = 1C9537731FEDFB7800B87B01 /* AppDelegate.m */; };
		1C95377C1FEDFB7800B87B01 /* Assets.xcassets in Resources */ = {isa = PBXBuildFile; fileRef = 1C95377B1FEDFB7800B87B01 /* Assets.xcassets */; };
		1C9537821FEDFB7800B87B01 /* main.m in Sources */ = {isa = PBXBuildFile; fileRef = 1C9537811FEDFB7800B87B01 /* main.m */; };
		1C9537911FEDFBEF00B87B01 /* WeChatPlugin.h in Headers */ = {isa = PBXBuildFile; fileRef = 1C95378F1FEDFBEF00B87B01 /* WeChatPlugin.h */; settings = {ATTRIBUTES = (Public, ); }; };
		1C9537941FEDFBEF00B87B01 /* WeChatPlugin.framework in Frameworks */ = {isa = PBXBuildFile; fileRef = 1C95378D1FEDFBEF00B87B01 /* WeChatPlugin.framework */; };
		1C9537951FEDFBEF00B87B01 /* WeChatPlugin.framework in Embed Frameworks */ = {isa = PBXBuildFile; fileRef = 1C95378D1FEDFBEF00B87B01 /* WeChatPlugin.framework */; settings = {ATTRIBUTES = (CodeSignOnCopy, RemoveHeadersOnCopy, ); }; };
		1C9537A01FEDFDF500B87B01 /* WCPluginPrefix.pch in Headers */ = {isa = PBXBuildFile; fileRef = 1C95379E1FEDFDF500B87B01 /* WCPluginPrefix.pch */; };
		1C9537A11FEDFDF500B87B01 /* WeChatPlugin.m in Sources */ = {isa = PBXBuildFile; fileRef = 1C95379F1FEDFDF500B87B01 /* WeChatPlugin.m */; };
		1C9537AF1FEDFE3B00B87B01 /* LICENSE in Resources */ = {isa = PBXBuildFile; fileRef = 1C9537AA1FEDFE3B00B87B01 /* LICENSE */; };
		1C9537B01FEDFE3B00B87B01 /* fishhook.c in Sources */ = {isa = PBXBuildFile; fileRef = 1C9537AB1FEDFE3B00B87B01 /* fishhook.c */; };
		1C9537B11FEDFE3B00B87B01 /* fishhook.h in Headers */ = {isa = PBXBuildFile; fileRef = 1C9537AC1FEDFE3B00B87B01 /* fishhook.h */; };
		1C9537B21FEDFE3B00B87B01 /* Cycript.framework in Frameworks */ = {isa = PBXBuildFile; fileRef = 1C9537AE1FEDFE3B00B87B01 /* Cycript.framework */; };
		1C9537B51FEDFF0B00B87B01 /* WCPAntiDebugHelper.h in Headers */ = {isa = PBXBuildFile; fileRef = 1C9537B31FEDFF0B00B87B01 /* WCPAntiDebugHelper.h */; };
		1C9537B61FEDFF0B00B87B01 /* WCPAntiDebugHelper.m in Sources */ = {isa = PBXBuildFile; fileRef = 1C9537B41FEDFF0B00B87B01 /* WCPAntiDebugHelper.m */; };
		1C9537BB1FEDFF6800B87B01 /* JavaScriptCore.framework in Frameworks */ = {isa = PBXBuildFile; fileRef = 1C9537BA1FEDFF6800B87B01 /* JavaScriptCore.framework */; };
		1C9537BD1FEDFF6F00B87B01 /* libstdc++.6.0.9.tbd in Frameworks */ = {isa = PBXBuildFile; fileRef = 1C9537BC1FEDFF6F00B87B01 /* libstdc++.6.0.9.tbd */; };
		1C9537BF1FEDFF7600B87B01 /* libc++.tbd in Frameworks */ = {isa = PBXBuildFile; fileRef = 1C9537BE1FEDFF7600B87B01 /* libc++.tbd */; };
		1C9537CE1FEE001400B87B01 /* UIView+WCPlugin.m in Sources */ = {isa = PBXBuildFile; fileRef = 1C9537C21FEE001400B87B01 /* UIView+WCPlugin.m */; };
		1C9537CF1FEE001400B87B01 /* WCPluginUIHijack.h in Headers */ = {isa = PBXBuildFile; fileRef = 1C9537C31FEE001400B87B01 /* WCPluginUIHijack.h */; };
		1C9537D01FEE001400B87B01 /* UIView+WCPlugin.h in Headers */ = {isa = PBXBuildFile; fileRef = 1C9537C41FEE001400B87B01 /* UIView+WCPlugin.h */; };
		1C9537D11FEE001400B87B01 /* WCPluginUIHijack.m in Sources */ = {isa = PBXBuildFile; fileRef = 1C9537C51FEE001400B87B01 /* WCPluginUIHijack.m */; };
		1C9537D21FEE001400B87B01 /* NSBundle+WCPlugin.h in Headers */ = {isa = PBXBuildFile; fileRef = 1C9537C71FEE001400B87B01 /* NSBundle+WCPlugin.h */; };
		1C9537D31FEE001400B87B01 /* WCPluginMethodSwizzling.h in Headers */ = {isa = PBXBuildFile; fileRef = 1C9537C81FEE001400B87B01 /* WCPluginMethodSwizzling.h */; };
		1C9537D51FEE001400B87B01 /* WCPluginDefine.h in Headers */ = {isa = PBXBuildFile; fileRef = 1C9537CA1FEE001400B87B01 /* WCPluginDefine.h */; };
		1C9537D61FEE001400B87B01 /* NSBundle+WCPlugin.m in Sources */ = {isa = PBXBuildFile; fileRef = 1C9537CB1FEE001400B87B01 /* NSBundle+WCPlugin.m */; };
		1C9537D71FEE001400B87B01 /* WCPluginMethodSwizzling.m in Sources */ = {isa = PBXBuildFile; fileRef = 1C9537CC1FEE001400B87B01 /* WCPluginMethodSwizzling.m */; };
		1C9537E11FEE005600B87B01 /* WCPluginRightSwitchTableViewCell.m in Sources */ = {isa = PBXBuildFile; fileRef = 1C9537D91FEE005500B87B01 /* WCPluginRightSwitchTableViewCell.m */; };
		1C9537E21FEE005600B87B01 /* WCPluginAboutViewController.h in Headers */ = {isa = PBXBuildFile; fileRef = 1C9537DA1FEE005500B87B01 /* WCPluginAboutViewController.h */; };
		1C9537E31FEE005600B87B01 /* WCPluginAboutViewController.m in Sources */ = {isa = PBXBuildFile; fileRef = 1C9537DB1FEE005500B87B01 /* WCPluginAboutViewController.m */; };
		1C9537E41FEE005600B87B01 /* WCPluginRightLabelTableViewCell.h in Headers */ = {isa = PBXBuildFile; fileRef = 1C9537DC1FEE005600B87B01 /* WCPluginRightLabelTableViewCell.h */; };
		1C9537E51FEE005600B87B01 /* WCPluginRightLabelTableViewCell.m in Sources */ = {isa = PBXBuildFile; fileRef = 1C9537DD1FEE005600B87B01 /* WCPluginRightLabelTableViewCell.m */; };
		1C9537E61FEE005600B87B01 /* WCPluginSettingViewController.h in Headers */ = {isa = PBXBuildFile; fileRef = 1C9537DE1FEE005600B87B01 /* WCPluginSettingViewController.h */; };
		1C9537E71FEE005600B87B01 /* WCPluginRightSwitchTableViewCell.h in Headers */ = {isa = PBXBuildFile; fileRef = 1C9537DF1FEE005600B87B01 /* WCPluginRightSwitchTableViewCell.h */; };
		1C9537E81FEE005600B87B01 /* WCPluginSettingViewController.m in Sources */ = {isa = PBXBuildFile; fileRef = 1C9537E01FEE005600B87B01 /* WCPluginSettingViewController.m */; };
		1C9538091FEE00CC00B87B01 /* MBProgressHUD.m in Sources */ = {isa = PBXBuildFile; fileRef = 1C9537EA1FEE00CC00B87B01 /* MBProgressHUD.m */; };
		1C95380A1FEE00CC00B87B01 /* MBProgressHUD+WSPXMBProgressHUDUtil.m in Sources */ = {isa = PBXBuildFile; fileRef = 1C9537EB1FEE00CC00B87B01 /* MBProgressHUD+WSPXMBProgressHUDUtil.m */; };
		1C95380B1FEE00CC00B87B01 /* MBProgressHUDManager.h in Headers */ = {isa = PBXBuildFile; fileRef = 1C9537EC1FEE00CC00B87B01 /* MBProgressHUDManager.h */; };
		1C95380C1FEE00CC00B87B01 /* MBProgressHUD.h in Headers */ = {isa = PBXBuildFile; fileRef = 1C9537ED1FEE00CC00B87B01 /* MBProgressHUD.h */; };
		1C95380D1FEE00CC00B87B01 /* MBProgressHUD+WSPXMBProgressHUDUtil.h in Headers */ = {isa = PBXBuildFile; fileRef = 1C9537EE1FEE00CC00B87B01 /* MBProgressHUD+WSPXMBProgressHUDUtil.h */; };
		1C95380E1FEE00CC00B87B01 /* MBProgressHUDManager.m in Sources */ = {isa = PBXBuildFile; fileRef = 1C9537EF1FEE00CC00B87B01 /* MBProgressHUDManager.m */; };
		1C95380F1FEE00CC00B87B01 /* FMDatabase.h in Headers */ = {isa = PBXBuildFile; fileRef = 1C9537F11FEE00CC00B87B01 /* FMDatabase.h */; };
		1C9538101FEE00CC00B87B01 /* FMDatabaseQueue.m in Sources */ = {isa = PBXBuildFile; fileRef = 1C9537F21FEE00CC00B87B01 /* FMDatabaseQueue.m */; };
		1C9538111FEE00CC00B87B01 /* FMResultSet.h in Headers */ = {isa = PBXBuildFile; fileRef = 1C9537F31FEE00CC00B87B01 /* FMResultSet.h */; };
		1C9538121FEE00CC00B87B01 /* FMDatabasePool.h in Headers */ = {isa = PBXBuildFile; fileRef = 1C9537F41FEE00CC00B87B01 /* FMDatabasePool.h */; };
		1C9538131FEE00CC00B87B01 /* FMDatabaseAdditions.m in Sources */ = {isa = PBXBuildFile; fileRef = 1C9537F51FEE00CC00B87B01 /* FMDatabaseAdditions.m */; };
		1C9538141FEE00CC00B87B01 /* FMDatabase.m in Sources */ = {isa = PBXBuildFile; fileRef = 1C9537F61FEE00CC00B87B01 /* FMDatabase.m */; };
		1C9538151FEE00CC00B87B01 /* FMDatabaseQueue.h in Headers */ = {isa = PBXBuildFile; fileRef = 1C9537F71FEE00CC00B87B01 /* FMDatabaseQueue.h */; };
		1C9538161FEE00CC00B87B01 /* FMDB.h in Headers */ = {isa = PBXBuildFile; fileRef = 1C9537F81FEE00CC00B87B01 /* FMDB.h */; };
		1C9538171FEE00CC00B87B01 /* FMDatabaseAdditions.h in Headers */ = {isa = PBXBuildFile; fileRef = 1C9537F91FEE00CC00B87B01 /* FMDatabaseAdditions.h */; };
		1C9538181FEE00CC00B87B01 /* FMDatabasePool.m in Sources */ = {isa = PBXBuildFile; fileRef = 1C9537FA1FEE00CC00B87B01 /* FMDatabasePool.m */; };
		1C9538191FEE00CC00B87B01 /* FMResultSet.m in Sources */ = {isa = PBXBuildFile; fileRef = 1C9537FB1FEE00CC00B87B01 /* FMResultSet.m */; };
		1C95381A1FEE00CC00B87B01 /* SWUtilityButtonTapGestureRecognizer.h in Headers */ = {isa = PBXBuildFile; fileRef = 1C9537FD1FEE00CC00B87B01 /* SWUtilityButtonTapGestureRecognizer.h */; };
		1C95381B1FEE00CC00B87B01 /* SWCellScrollView.m in Sources */ = {isa = PBXBuildFile; fileRef = 1C9537FE1FEE00CC00B87B01 /* SWCellScrollView.m */; };
		1C95381C1FEE00CC00B87B01 /* NSMutableArray+SWUtilityButtons.h in Headers */ = {isa = PBXBuildFile; fileRef = 1C9537FF1FEE00CC00B87B01 /* NSMutableArray+SWUtilityButtons.h */; };
		1C95381D1FEE00CC00B87B01 /* SWLongPressGestureRecognizer.h in Headers */ = {isa = PBXBuildFile; fileRef = 1C9538001FEE00CC00B87B01 /* SWLongPressGestureRecognizer.h */; };
		1C95381E1FEE00CC00B87B01 /* SWUtilityButtonView.m in Sources */ = {isa = PBXBuildFile; fileRef = 1C9538011FEE00CC00B87B01 /* SWUtilityButtonView.m */; };
		1C95381F1FEE00CC00B87B01 /* SWTableViewCell.h in Headers */ = {isa = PBXBuildFile; fileRef = 1C9538021FEE00CC00B87B01 /* SWTableViewCell.h */; };
		1C9538201FEE00CC00B87B01 /* SWUtilityButtonTapGestureRecognizer.m in Sources */ = {isa = PBXBuildFile; fileRef = 1C9538031FEE00CC00B87B01 /* SWUtilityButtonTapGestureRecognizer.m */; };
		1C9538211FEE00CC00B87B01 /* SWLongPressGestureRecognizer.m in Sources */ = {isa = PBXBuildFile; fileRef = 1C9538041FEE00CC00B87B01 /* SWLongPressGestureRecognizer.m */; };
		1C9538221FEE00CC00B87B01 /* NSMutableArray+SWUtilityButtons.m in Sources */ = {isa = PBXBuildFile; fileRef = 1C9538051FEE00CC00B87B01 /* NSMutableArray+SWUtilityButtons.m */; };
		1C9538231FEE00CC00B87B01 /* SWCellScrollView.h in Headers */ = {isa = PBXBuildFile; fileRef = 1C9538061FEE00CC00B87B01 /* SWCellScrollView.h */; };
		1C9538241FEE00CC00B87B01 /* SWUtilityButtonView.h in Headers */ = {isa = PBXBuildFile; fileRef = 1C9538071FEE00CC00B87B01 /* SWUtilityButtonView.h */; };
		1C9538251FEE00CC00B87B01 /* SWTableViewCell.m in Sources */ = {isa = PBXBuildFile; fileRef = 1C9538081FEE00CC00B87B01 /* SWTableViewCell.m */; };
		1CA1F85E201832AB00FD1B9F /* WCPluginFakeLocHijack.m in Sources */ = {isa = PBXBuildFile; fileRef = 1CA1F85D201832AB00FD1B9F /* WCPluginFakeLocHijack.m */; };
		1CA1F8622018334200FD1B9F /* CLLocationManager+WCPlugin.h in Headers */ = {isa = PBXBuildFile; fileRef = 1CA1F8602018334200FD1B9F /* CLLocationManager+WCPlugin.h */; };
		1CA1F8632018334200FD1B9F /* CLLocationManager+WCPlugin.m in Sources */ = {isa = PBXBuildFile; fileRef = 1CA1F8612018334200FD1B9F /* CLLocationManager+WCPlugin.m */; };
		1CA1F8662018517B00FD1B9F /* WCPluginLocationManager.h in Headers */ = {isa = PBXBuildFile; fileRef = 1CA1F8642018517B00FD1B9F /* WCPluginLocationManager.h */; };
		1CA1F8672018517B00FD1B9F /* WCPluginLocationManager.m in Sources */ = {isa = PBXBuildFile; fileRef = 1CA1F8652018517B00FD1B9F /* WCPluginLocationManager.m */; };
		1CFC95FB2003B91000865AB9 /* WCPluginContactSelectViewController.h in Headers */ = {isa = PBXBuildFile; fileRef = 1CFC95F92003B91000865AB9 /* WCPluginContactSelectViewController.h */; };
		1CFC95FC2003B91000865AB9 /* WCPluginContactSelectViewController.m in Sources */ = {isa = PBXBuildFile; fileRef = 1CFC95FA2003B91000865AB9 /* WCPluginContactSelectViewController.m */; };
		1CFC95FF2003C56900865AB9 /* MMUICommonUtil.h in Headers */ = {isa = PBXBuildFile; fileRef = 1CFC95FE2003C56900865AB9 /* MMUICommonUtil.h */; };
		1CFC96022003C6BB00865AB9 /* CBaseContact.h in Headers */ = {isa = PBXBuildFile; fileRef = 1CFC96002003C6BA00865AB9 /* CBaseContact.h */; };
		1CFC96032003C6BB00865AB9 /* CContact.h in Headers */ = {isa = PBXBuildFile; fileRef = 1CFC96012003C6BB00865AB9 /* CContact.h */; };
		1CFC96082003CA5C00865AB9 /* ContactSelectViewDelegate.h in Headers */ = {isa = PBXBuildFile; fileRef = 1CFC96052003CA5C00865AB9 /* ContactSelectViewDelegate.h */; };
		1CFC96092003CA5C00865AB9 /* MMServiceCenter.h in Headers */ = {isa = PBXBuildFile; fileRef = 1CFC96062003CA5C00865AB9 /* MMServiceCenter.h */; };
		1CFC960A2003CA5C00865AB9 /* MMUIViewControllerDelegate.h in Headers */ = {isa = PBXBuildFile; fileRef = 1CFC96072003CA5C00865AB9 /* MMUIViewControllerDelegate.h */; };
		1CFC960C2003CC2800865AB9 /* CDStructures.h in Headers */ = {isa = PBXBuildFile; fileRef = 1CFC960B2003CC2800865AB9 /* CDStructures.h */; };
		1CFC960F2005012E00865AB9 /* WCPluginDataHelper.h in Headers */ = {isa = PBXBuildFile; fileRef = 1CFC960D2005012E00865AB9 /* WCPluginDataHelper.h */; };
		1CFC96102005012E00865AB9 /* WCPluginDataHelper.m in Sources */ = {isa = PBXBuildFile; fileRef = 1CFC960E2005012E00865AB9 /* WCPluginDataHelper.m */; };
		1CFC96122005028B00865AB9 /* WCPluginObfuscation.h in Headers */ = {isa = PBXBuildFile; fileRef = 1CFC96112005028B00865AB9 /* WCPluginObfuscation.h */; };
		1CFC961420052C3B00865AB9 /* ContactSelectView.h in Headers */ = {isa = PBXBuildFile; fileRef = 1CFC961320052C3B00865AB9 /* ContactSelectView.h */; };
		1CFC961620052C6E00865AB9 /* MMSearchBarDelegate.h in Headers */ = {isa = PBXBuildFile; fileRef = 1CFC961520052C6E00865AB9 /* MMSearchBarDelegate.h */; };
		1CFC961820052C9F00865AB9 /* WCActionSheetDelegate.h in Headers */ = {isa = PBXBuildFile; fileRef = 1CFC961720052C9F00865AB9 /* WCActionSheetDelegate.h */; };
		1CFC961A20052CC400865AB9 /* ContactsDataLogicDelegate.h in Headers */ = {isa = PBXBuildFile; fileRef = 1CFC961920052CC400865AB9 /* ContactsDataLogicDelegate.h */; };
/* End PBXBuildFile section */

/* Begin PBXContainerItemProxy section */
		1C9537921FEDFBEF00B87B01 /* PBXContainerItemProxy */ = {
			isa = PBXContainerItemProxy;
			containerPortal = 1C9537671FEDFB7700B87B01 /* Project object */;
			proxyType = 1;
			remoteGlobalIDString = 1C95378C1FEDFBEF00B87B01;
			remoteInfo = WeChatPlugin;
		};
/* End PBXContainerItemProxy section */

/* Begin PBXCopyFilesBuildPhase section */
		1C9537991FEDFBEF00B87B01 /* Embed Frameworks */ = {
			isa = PBXCopyFilesBuildPhase;
			buildActionMask = 2147483647;
			dstPath = "";
			dstSubfolderSpec = 10;
			files = (
				1C9537951FEDFBEF00B87B01 /* WeChatPlugin.framework in Embed Frameworks */,
			);
			name = "Embed Frameworks";
			runOnlyForDeploymentPostprocessing = 0;
		};
/* End PBXCopyFilesBuildPhase section */

/* Begin PBXFileReference section */
		1C0918092018B9360082723F /* optool */ = {isa = PBXFileReference; lastKnownFileType = "compiled.mach-o.executable"; path = optool; sourceTree = "<group>"; };
		1C09180A2018B9360082723F /* patch.sh */ = {isa = PBXFileReference; fileEncoding = 4; lastKnownFileType = text.script.sh; path = patch.sh; sourceTree = "<group>"; };
		1C09180D2018CFDD0082723F /* WGS84TOGCJ02.m */ = {isa = PBXFileReference; fileEncoding = 4; lastKnownFileType = sourcecode.c.objc; path = WGS84TOGCJ02.m; sourceTree = "<group>"; };
		1C09180E2018CFDD0082723F /* WGS84TOGCJ02.h */ = {isa = PBXFileReference; fileEncoding = 4; lastKnownFileType = sourcecode.c.h; path = WGS84TOGCJ02.h; sourceTree = "<group>"; };
		1C5793DB1FFE8BED00074669 /* WCPluginRedEnvelopViewController.m */ = {isa = PBXFileReference; fileEncoding = 4; lastKnownFileType = sourcecode.c.objc; path = WCPluginRedEnvelopViewController.m; sourceTree = "<group>"; };
		1C5793DC1FFE8BED00074669 /* WCPluginRedEnvelopViewController.h */ = {isa = PBXFileReference; fileEncoding = 4; lastKnownFileType = sourcecode.c.h; path = WCPluginRedEnvelopViewController.h; sourceTree = "<group>"; };
		1C5793DF1FFE8C6F00074669 /* WCPluginAccountViewController.h */ = {isa = PBXFileReference; fileEncoding = 4; lastKnownFileType = sourcecode.c.h; path = WCPluginAccountViewController.h; sourceTree = "<group>"; };
		1C5793E01FFE8C6F00074669 /* WCPluginAccountViewController.m */ = {isa = PBXFileReference; fileEncoding = 4; lastKnownFileType = sourcecode.c.objc; path = WCPluginAccountViewController.m; sourceTree = "<group>"; };
		1C5793E31FFE8E0200074669 /* WCPluginHiddenViewController.h */ = {isa = PBXFileReference; lastKnownFileType = sourcecode.c.h; path = WCPluginHiddenViewController.h; sourceTree = "<group>"; };
		1C5793E41FFE8E0200074669 /* WCPluginHiddenViewController.m */ = {isa = PBXFileReference; lastKnownFileType = sourcecode.c.objc; path = WCPluginHiddenViewController.m; sourceTree = "<group>"; };
		1C6A1A8E2007C44800A51BB7 /* WCPluginContactHiddenHijack.m */ = {isa = PBXFileReference; lastKnownFileType = sourcecode.c.objc; path = WCPluginContactHiddenHijack.m; sourceTree = "<group>"; };
		1C6A1A902007C46400A51BB7 /* WCPluginContactHiddenHijack.h */ = {isa = PBXFileReference; lastKnownFileType = sourcecode.c.h; path = WCPluginContactHiddenHijack.h; sourceTree = "<group>"; };
		1C6A1A922007C9FE00A51BB7 /* WCPluginUtils.m */ = {isa = PBXFileReference; lastKnownFileType = sourcecode.c.objc; path = WCPluginUtils.m; sourceTree = "<group>"; };
		1C6A1A942007CA6D00A51BB7 /* WCPluginUtils.h */ = {isa = PBXFileReference; lastKnownFileType = sourcecode.c.h; path = WCPluginUtils.h; sourceTree = "<group>"; };
		1C7CF4BA200D0A4C00691E0F /* MMTableViewInfoDelegate.h */ = {isa = PBXFileReference; fileEncoding = 4; lastKnownFileType = sourcecode.c.h; path = MMTableViewInfoDelegate.h; sourceTree = "<group>"; };
		1C7CF4BB200D0A4C00691E0F /* MMTableViewUserInfo.h */ = {isa = PBXFileReference; fileEncoding = 4; lastKnownFileType = sourcecode.c.h; path = MMTableViewUserInfo.h; sourceTree = "<group>"; };
		1C7CF4BC200D0A4C00691E0F /* MMTableViewCellInfo.h */ = {isa = PBXFileReference; fileEncoding = 4; lastKnownFileType = sourcecode.c.h; path = MMTableViewCellInfo.h; sourceTree = "<group>"; };
		1C7CF4BD200D0A4C00691E0F /* MMTableViewInfo.h */ = {isa = PBXFileReference; fileEncoding = 4; lastKnownFileType = sourcecode.c.h; path = MMTableViewInfo.h; sourceTree = "<group>"; };
		1C7CF4BE200D0A4C00691E0F /* MMTableViewCell.h */ = {isa = PBXFileReference; fileEncoding = 4; lastKnownFileType = sourcecode.c.h; path = MMTableViewCell.h; sourceTree = "<group>"; };
		1C7CF4BF200D0A4C00691E0F /* MMTableViewSectionInfo.h */ = {isa = PBXFileReference; fileEncoding = 4; lastKnownFileType = sourcecode.c.h; path = MMTableViewSectionInfo.h; sourceTree = "<group>"; };
		1C7CF4C0200D0A4C00691E0F /* MMTableView.h */ = {isa = PBXFileReference; fileEncoding = 4; lastKnownFileType = sourcecode.c.h; path = MMTableView.h; sourceTree = "<group>"; };
		1C7CF4C8200D0A8000691E0F /* MMTableViewDelegate.h */ = {isa = PBXFileReference; fileEncoding = 4; lastKnownFileType = sourcecode.c.h; path = MMTableViewDelegate.h; sourceTree = "<group>"; };
		1C7CF4C9200D0A8000691E0F /* MMDelegateCenterExt.h */ = {isa = PBXFileReference; fileEncoding = 4; lastKnownFileType = sourcecode.c.h; path = MMDelegateCenterExt.h; sourceTree = "<group>"; };
		1C7CF4CC200D0D0E00691E0F /* WCPluginMapViewController.h */ = {isa = PBXFileReference; lastKnownFileType = sourcecode.c.h; path = WCPluginMapViewController.h; sourceTree = "<group>"; };
		1C7CF4CD200D0D0E00691E0F /* WCPluginMapViewController.m */ = {isa = PBXFileReference; lastKnownFileType = sourcecode.c.objc; path = WCPluginMapViewController.m; sourceTree = "<group>"; };
		1C7CF4D0200D0D7600691E0F /* MMObject.h */ = {isa = PBXFileReference; fileEncoding = 4; lastKnownFileType = sourcecode.c.h; path = MMObject.h; sourceTree = "<group>"; };
		1C8ED4282008FB340013ECED /* WCPluginRedEnvelopOperation.m */ = {isa = PBXFileReference; fileEncoding = 4; lastKnownFileType = sourcecode.c.objc; path = WCPluginRedEnvelopOperation.m; sourceTree = "<group>"; };
		1C8ED4292008FB340013ECED /* WCPluginRedEnvelopTaskManager.h */ = {isa = PBXFileReference; fileEncoding = 4; lastKnownFileType = sourcecode.c.h; path = WCPluginRedEnvelopTaskManager.h; sourceTree = "<group>"; };
		1C8ED42A2008FB340013ECED /* WCPluginRedEnvelopParam.m */ = {isa = PBXFileReference; fileEncoding = 4; lastKnownFileType = sourcecode.c.objc; path = WCPluginRedEnvelopParam.m; sourceTree = "<group>"; };
		1C8ED42B2008FB340013ECED /* WCPluginRedEnvelopTaskManager.m */ = {isa = PBXFileReference; fileEncoding = 4; lastKnownFileType = sourcecode.c.objc; path = WCPluginRedEnvelopTaskManager.m; sourceTree = "<group>"; };
		1C8ED42C2008FB340013ECED /* WCPluginRedEnvelopOperation.h */ = {isa = PBXFileReference; fileEncoding = 4; lastKnownFileType = sourcecode.c.h; path = WCPluginRedEnvelopOperation.h; sourceTree = "<group>"; };
		1C8ED42D2008FB340013ECED /* WCPluginRedEnvelopHelper.h */ = {isa = PBXFileReference; fileEncoding = 4; lastKnownFileType = sourcecode.c.h; path = WCPluginRedEnvelopHelper.h; sourceTree = "<group>"; };
		1C8ED42E2008FB340013ECED /* WCPluginRedEnvelopParam.h */ = {isa = PBXFileReference; fileEncoding = 4; lastKnownFileType = sourcecode.c.h; path = WCPluginRedEnvelopParam.h; sourceTree = "<group>"; };
		1C8ED42F2008FB340013ECED /* WCPluginRedEnvelopParamQueue.m */ = {isa = PBXFileReference; fileEncoding = 4; lastKnownFileType = sourcecode.c.objc; path = WCPluginRedEnvelopParamQueue.m; sourceTree = "<group>"; };
		1C8ED4302008FB340013ECED /* WCPluginRedEnvelopParamQueue.h */ = {isa = PBXFileReference; fileEncoding = 4; lastKnownFileType = sourcecode.c.h; path = WCPluginRedEnvelopParamQueue.h; sourceTree = "<group>"; };
		1C8ED4312008FB340013ECED /* WCPluginRedEnvelopHelper.m */ = {isa = PBXFileReference; fileEncoding = 4; lastKnownFileType = sourcecode.c.objc; path = WCPluginRedEnvelopHelper.m; sourceTree = "<group>"; };
		1C8ED43C200904B00013ECED /* WCPluginRedEnvelopHijack.h */ = {isa = PBXFileReference; lastKnownFileType = sourcecode.c.h; path = WCPluginRedEnvelopHijack.h; sourceTree = "<group>"; };
		1C8ED43D200904B00013ECED /* WCPluginRedEnvelopHijack.m */ = {isa = PBXFileReference; lastKnownFileType = sourcecode.c.objc; path = WCPluginRedEnvelopHijack.m; sourceTree = "<group>"; };
		1C8ED440200910E80013ECED /* MMTabBarController.h */ = {isa = PBXFileReference; fileEncoding = 4; lastKnownFileType = sourcecode.c.h; path = MMTabBarController.h; sourceTree = "<group>"; };
		1C8ED4462009C57D0013ECED /* WCPluginLocationViewController.h */ = {isa = PBXFileReference; lastKnownFileType = sourcecode.c.h; path = WCPluginLocationViewController.h; sourceTree = "<group>"; };
		1C8ED4472009C57D0013ECED /* WCPluginLocationViewController.m */ = {isa = PBXFileReference; lastKnownFileType = sourcecode.c.objc; path = WCPluginLocationViewController.m; sourceTree = "<group>"; };
		1C95376F1FEDFB7800B87B01 /* WeChatHelper.app */ = {isa = PBXFileReference; explicitFileType = wrapper.application; includeInIndex = 0; path = WeChatHelper.app; sourceTree = BUILT_PRODUCTS_DIR; };
		1C9537721FEDFB7800B87B01 /* AppDelegate.h */ = {isa = PBXFileReference; lastKnownFileType = sourcecode.c.h; path = AppDelegate.h; sourceTree = "<group>"; };
		1C9537731FEDFB7800B87B01 /* AppDelegate.m */ = {isa = PBXFileReference; lastKnownFileType = sourcecode.c.objc; path = AppDelegate.m; sourceTree = "<group>"; };
		1C95377B1FEDFB7800B87B01 /* Assets.xcassets */ = {isa = PBXFileReference; lastKnownFileType = folder.assetcatalog; path = Assets.xcassets; sourceTree = "<group>"; };
		1C9537801FEDFB7800B87B01 /* Info.plist */ = {isa = PBXFileReference; lastKnownFileType = text.plist.xml; path = Info.plist; sourceTree = "<group>"; };
		1C9537811FEDFB7800B87B01 /* main.m */ = {isa = PBXFileReference; lastKnownFileType = sourcecode.c.objc; path = main.m; sourceTree = "<group>"; };
		1C95378D1FEDFBEF00B87B01 /* WeChatPlugin.framework */ = {isa = PBXFileReference; explicitFileType = wrapper.framework; includeInIndex = 0; path = WeChatPlugin.framework; sourceTree = BUILT_PRODUCTS_DIR; };
		1C95378F1FEDFBEF00B87B01 /* WeChatPlugin.h */ = {isa = PBXFileReference; lastKnownFileType = sourcecode.c.h; path = WeChatPlugin.h; sourceTree = "<group>"; };
		1C9537901FEDFBEF00B87B01 /* Info.plist */ = {isa = PBXFileReference; lastKnownFileType = text.plist.xml; path = Info.plist; sourceTree = "<group>"; };
		1C95379E1FEDFDF500B87B01 /* WCPluginPrefix.pch */ = {isa = PBXFileReference; fileEncoding = 4; lastKnownFileType = sourcecode.c.h; path = WCPluginPrefix.pch; sourceTree = "<group>"; };
		1C95379F1FEDFDF500B87B01 /* WeChatPlugin.m */ = {isa = PBXFileReference; fileEncoding = 4; lastKnownFileType = sourcecode.c.objc; path = WeChatPlugin.m; sourceTree = "<group>"; };
		1C9537AA1FEDFE3B00B87B01 /* LICENSE */ = {isa = PBXFileReference; fileEncoding = 4; lastKnownFileType = text; path = LICENSE; sourceTree = "<group>"; };
		1C9537AB1FEDFE3B00B87B01 /* fishhook.c */ = {isa = PBXFileReference; fileEncoding = 4; lastKnownFileType = sourcecode.c.c; path = fishhook.c; sourceTree = "<group>"; };
		1C9537AC1FEDFE3B00B87B01 /* fishhook.h */ = {isa = PBXFileReference; fileEncoding = 4; lastKnownFileType = sourcecode.c.h; path = fishhook.h; sourceTree = "<group>"; };
		1C9537AE1FEDFE3B00B87B01 /* Cycript.framework */ = {isa = PBXFileReference; lastKnownFileType = wrapper.framework; path = Cycript.framework; sourceTree = "<group>"; };
		1C9537B31FEDFF0B00B87B01 /* WCPAntiDebugHelper.h */ = {isa = PBXFileReference; fileEncoding = 4; lastKnownFileType = sourcecode.c.h; path = WCPAntiDebugHelper.h; sourceTree = "<group>"; };
		1C9537B41FEDFF0B00B87B01 /* WCPAntiDebugHelper.m */ = {isa = PBXFileReference; fileEncoding = 4; lastKnownFileType = sourcecode.c.objc; path = WCPAntiDebugHelper.m; sourceTree = "<group>"; };
		1C9537B81FEDFF5F00B87B01 /* libsqlite3.tbd */ = {isa = PBXFileReference; lastKnownFileType = "sourcecode.text-based-dylib-definition"; name = libsqlite3.tbd; path = usr/lib/libsqlite3.tbd; sourceTree = SDKROOT; };
		1C9537BA1FEDFF6800B87B01 /* JavaScriptCore.framework */ = {isa = PBXFileReference; lastKnownFileType = wrapper.framework; name = JavaScriptCore.framework; path = System/Library/Frameworks/JavaScriptCore.framework; sourceTree = SDKROOT; };
		1C9537BC1FEDFF6F00B87B01 /* libstdc++.6.0.9.tbd */ = {isa = PBXFileReference; lastKnownFileType = "sourcecode.text-based-dylib-definition"; name = "libstdc++.6.0.9.tbd"; path = "usr/lib/libstdc++.6.0.9.tbd"; sourceTree = SDKROOT; };
		1C9537BE1FEDFF7600B87B01 /* libc++.tbd */ = {isa = PBXFileReference; lastKnownFileType = "sourcecode.text-based-dylib-definition"; name = "libc++.tbd"; path = "usr/lib/libc++.tbd"; sourceTree = SDKROOT; };
		1C9537C21FEE001400B87B01 /* UIView+WCPlugin.m */ = {isa = PBXFileReference; fileEncoding = 4; lastKnownFileType = sourcecode.c.objc; path = "UIView+WCPlugin.m"; sourceTree = "<group>"; };
		1C9537C31FEE001400B87B01 /* WCPluginUIHijack.h */ = {isa = PBXFileReference; fileEncoding = 4; lastKnownFileType = sourcecode.c.h; path = WCPluginUIHijack.h; sourceTree = "<group>"; };
		1C9537C41FEE001400B87B01 /* UIView+WCPlugin.h */ = {isa = PBXFileReference; fileEncoding = 4; lastKnownFileType = sourcecode.c.h; path = "UIView+WCPlugin.h"; sourceTree = "<group>"; };
		1C9537C51FEE001400B87B01 /* WCPluginUIHijack.m */ = {isa = PBXFileReference; fileEncoding = 4; lastKnownFileType = sourcecode.c.objc; path = WCPluginUIHijack.m; sourceTree = "<group>"; };
		1C9537C71FEE001400B87B01 /* NSBundle+WCPlugin.h */ = {isa = PBXFileReference; fileEncoding = 4; lastKnownFileType = sourcecode.c.h; path = "NSBundle+WCPlugin.h"; sourceTree = "<group>"; };
		1C9537C81FEE001400B87B01 /* WCPluginMethodSwizzling.h */ = {isa = PBXFileReference; fileEncoding = 4; lastKnownFileType = sourcecode.c.h; path = WCPluginMethodSwizzling.h; sourceTree = "<group>"; };
		1C9537CA1FEE001400B87B01 /* WCPluginDefine.h */ = {isa = PBXFileReference; fileEncoding = 4; lastKnownFileType = sourcecode.c.h; path = WCPluginDefine.h; sourceTree = "<group>"; };
		1C9537CB1FEE001400B87B01 /* NSBundle+WCPlugin.m */ = {isa = PBXFileReference; fileEncoding = 4; lastKnownFileType = sourcecode.c.objc; path = "NSBundle+WCPlugin.m"; sourceTree = "<group>"; };
		1C9537CC1FEE001400B87B01 /* WCPluginMethodSwizzling.m */ = {isa = PBXFileReference; fileEncoding = 4; lastKnownFileType = sourcecode.c.objc; path = WCPluginMethodSwizzling.m; sourceTree = "<group>"; };
		1C9537D91FEE005500B87B01 /* WCPluginRightSwitchTableViewCell.m */ = {isa = PBXFileReference; fileEncoding = 4; lastKnownFileType = sourcecode.c.objc; path = WCPluginRightSwitchTableViewCell.m; sourceTree = "<group>"; };
		1C9537DA1FEE005500B87B01 /* WCPluginAboutViewController.h */ = {isa = PBXFileReference; fileEncoding = 4; lastKnownFileType = sourcecode.c.h; path = WCPluginAboutViewController.h; sourceTree = "<group>"; };
		1C9537DB1FEE005500B87B01 /* WCPluginAboutViewController.m */ = {isa = PBXFileReference; fileEncoding = 4; lastKnownFileType = sourcecode.c.objc; path = WCPluginAboutViewController.m; sourceTree = "<group>"; };
		1C9537DC1FEE005600B87B01 /* WCPluginRightLabelTableViewCell.h */ = {isa = PBXFileReference; fileEncoding = 4; lastKnownFileType = sourcecode.c.h; path = WCPluginRightLabelTableViewCell.h; sourceTree = "<group>"; };
		1C9537DD1FEE005600B87B01 /* WCPluginRightLabelTableViewCell.m */ = {isa = PBXFileReference; fileEncoding = 4; lastKnownFileType = sourcecode.c.objc; path = WCPluginRightLabelTableViewCell.m; sourceTree = "<group>"; };
		1C9537DE1FEE005600B87B01 /* WCPluginSettingViewController.h */ = {isa = PBXFileReference; fileEncoding = 4; lastKnownFileType = sourcecode.c.h; path = WCPluginSettingViewController.h; sourceTree = "<group>"; };
		1C9537DF1FEE005600B87B01 /* WCPluginRightSwitchTableViewCell.h */ = {isa = PBXFileReference; fileEncoding = 4; lastKnownFileType = sourcecode.c.h; path = WCPluginRightSwitchTableViewCell.h; sourceTree = "<group>"; };
		1C9537E01FEE005600B87B01 /* WCPluginSettingViewController.m */ = {isa = PBXFileReference; fileEncoding = 4; lastKnownFileType = sourcecode.c.objc; path = WCPluginSettingViewController.m; sourceTree = "<group>"; };
		1C9537EA1FEE00CC00B87B01 /* MBProgressHUD.m */ = {isa = PBXFileReference; fileEncoding = 4; lastKnownFileType = sourcecode.c.objc; path = MBProgressHUD.m; sourceTree = "<group>"; };
		1C9537EB1FEE00CC00B87B01 /* MBProgressHUD+WSPXMBProgressHUDUtil.m */ = {isa = PBXFileReference; fileEncoding = 4; lastKnownFileType = sourcecode.c.objc; path = "MBProgressHUD+WSPXMBProgressHUDUtil.m"; sourceTree = "<group>"; };
		1C9537EC1FEE00CC00B87B01 /* MBProgressHUDManager.h */ = {isa = PBXFileReference; fileEncoding = 4; lastKnownFileType = sourcecode.c.h; path = MBProgressHUDManager.h; sourceTree = "<group>"; };
		1C9537ED1FEE00CC00B87B01 /* MBProgressHUD.h */ = {isa = PBXFileReference; fileEncoding = 4; lastKnownFileType = sourcecode.c.h; path = MBProgressHUD.h; sourceTree = "<group>"; };
		1C9537EE1FEE00CC00B87B01 /* MBProgressHUD+WSPXMBProgressHUDUtil.h */ = {isa = PBXFileReference; fileEncoding = 4; lastKnownFileType = sourcecode.c.h; path = "MBProgressHUD+WSPXMBProgressHUDUtil.h"; sourceTree = "<group>"; };
		1C9537EF1FEE00CC00B87B01 /* MBProgressHUDManager.m */ = {isa = PBXFileReference; fileEncoding = 4; lastKnownFileType = sourcecode.c.objc; path = MBProgressHUDManager.m; sourceTree = "<group>"; };
		1C9537F11FEE00CC00B87B01 /* FMDatabase.h */ = {isa = PBXFileReference; fileEncoding = 4; lastKnownFileType = sourcecode.c.h; path = FMDatabase.h; sourceTree = "<group>"; };
		1C9537F21FEE00CC00B87B01 /* FMDatabaseQueue.m */ = {isa = PBXFileReference; fileEncoding = 4; lastKnownFileType = sourcecode.c.objc; path = FMDatabaseQueue.m; sourceTree = "<group>"; };
		1C9537F31FEE00CC00B87B01 /* FMResultSet.h */ = {isa = PBXFileReference; fileEncoding = 4; lastKnownFileType = sourcecode.c.h; path = FMResultSet.h; sourceTree = "<group>"; };
		1C9537F41FEE00CC00B87B01 /* FMDatabasePool.h */ = {isa = PBXFileReference; fileEncoding = 4; lastKnownFileType = sourcecode.c.h; path = FMDatabasePool.h; sourceTree = "<group>"; };
		1C9537F51FEE00CC00B87B01 /* FMDatabaseAdditions.m */ = {isa = PBXFileReference; fileEncoding = 4; lastKnownFileType = sourcecode.c.objc; path = FMDatabaseAdditions.m; sourceTree = "<group>"; };
		1C9537F61FEE00CC00B87B01 /* FMDatabase.m */ = {isa = PBXFileReference; fileEncoding = 4; lastKnownFileType = sourcecode.c.objc; path = FMDatabase.m; sourceTree = "<group>"; };
		1C9537F71FEE00CC00B87B01 /* FMDatabaseQueue.h */ = {isa = PBXFileReference; fileEncoding = 4; lastKnownFileType = sourcecode.c.h; path = FMDatabaseQueue.h; sourceTree = "<group>"; };
		1C9537F81FEE00CC00B87B01 /* FMDB.h */ = {isa = PBXFileReference; fileEncoding = 4; lastKnownFileType = sourcecode.c.h; path = FMDB.h; sourceTree = "<group>"; };
		1C9537F91FEE00CC00B87B01 /* FMDatabaseAdditions.h */ = {isa = PBXFileReference; fileEncoding = 4; lastKnownFileType = sourcecode.c.h; path = FMDatabaseAdditions.h; sourceTree = "<group>"; };
		1C9537FA1FEE00CC00B87B01 /* FMDatabasePool.m */ = {isa = PBXFileReference; fileEncoding = 4; lastKnownFileType = sourcecode.c.objc; path = FMDatabasePool.m; sourceTree = "<group>"; };
		1C9537FB1FEE00CC00B87B01 /* FMResultSet.m */ = {isa = PBXFileReference; fileEncoding = 4; lastKnownFileType = sourcecode.c.objc; path = FMResultSet.m; sourceTree = "<group>"; };
		1C9537FD1FEE00CC00B87B01 /* SWUtilityButtonTapGestureRecognizer.h */ = {isa = PBXFileReference; fileEncoding = 4; lastKnownFileType = sourcecode.c.h; path = SWUtilityButtonTapGestureRecognizer.h; sourceTree = "<group>"; };
		1C9537FE1FEE00CC00B87B01 /* SWCellScrollView.m */ = {isa = PBXFileReference; fileEncoding = 4; lastKnownFileType = sourcecode.c.objc; path = SWCellScrollView.m; sourceTree = "<group>"; };
		1C9537FF1FEE00CC00B87B01 /* NSMutableArray+SWUtilityButtons.h */ = {isa = PBXFileReference; fileEncoding = 4; lastKnownFileType = sourcecode.c.h; path = "NSMutableArray+SWUtilityButtons.h"; sourceTree = "<group>"; };
		1C9538001FEE00CC00B87B01 /* SWLongPressGestureRecognizer.h */ = {isa = PBXFileReference; fileEncoding = 4; lastKnownFileType = sourcecode.c.h; path = SWLongPressGestureRecognizer.h; sourceTree = "<group>"; };
		1C9538011FEE00CC00B87B01 /* SWUtilityButtonView.m */ = {isa = PBXFileReference; fileEncoding = 4; lastKnownFileType = sourcecode.c.objc; path = SWUtilityButtonView.m; sourceTree = "<group>"; };
		1C9538021FEE00CC00B87B01 /* SWTableViewCell.h */ = {isa = PBXFileReference; fileEncoding = 4; lastKnownFileType = sourcecode.c.h; path = SWTableViewCell.h; sourceTree = "<group>"; };
		1C9538031FEE00CC00B87B01 /* SWUtilityButtonTapGestureRecognizer.m */ = {isa = PBXFileReference; fileEncoding = 4; lastKnownFileType = sourcecode.c.objc; path = SWUtilityButtonTapGestureRecognizer.m; sourceTree = "<group>"; };
		1C9538041FEE00CC00B87B01 /* SWLongPressGestureRecognizer.m */ = {isa = PBXFileReference; fileEncoding = 4; lastKnownFileType = sourcecode.c.objc; path = SWLongPressGestureRecognizer.m; sourceTree = "<group>"; };
		1C9538051FEE00CC00B87B01 /* NSMutableArray+SWUtilityButtons.m */ = {isa = PBXFileReference; fileEncoding = 4; lastKnownFileType = sourcecode.c.objc; path = "NSMutableArray+SWUtilityButtons.m"; sourceTree = "<group>"; };
		1C9538061FEE00CC00B87B01 /* SWCellScrollView.h */ = {isa = PBXFileReference; fileEncoding = 4; lastKnownFileType = sourcecode.c.h; path = SWCellScrollView.h; sourceTree = "<group>"; };
		1C9538071FEE00CC00B87B01 /* SWUtilityButtonView.h */ = {isa = PBXFileReference; fileEncoding = 4; lastKnownFileType = sourcecode.c.h; path = SWUtilityButtonView.h; sourceTree = "<group>"; };
		1C9538081FEE00CC00B87B01 /* SWTableViewCell.m */ = {isa = PBXFileReference; fileEncoding = 4; lastKnownFileType = sourcecode.c.objc; path = SWTableViewCell.m; sourceTree = "<group>"; };
		1CA1F85D201832AB00FD1B9F /* WCPluginFakeLocHijack.m */ = {isa = PBXFileReference; lastKnownFileType = sourcecode.c.objc; path = WCPluginFakeLocHijack.m; sourceTree = "<group>"; };
		1CA1F85F201832CB00FD1B9F /* WCPluginFakeLocHijack.h */ = {isa = PBXFileReference; lastKnownFileType = sourcecode.c.h; path = WCPluginFakeLocHijack.h; sourceTree = "<group>"; };
		1CA1F8602018334200FD1B9F /* CLLocationManager+WCPlugin.h */ = {isa = PBXFileReference; lastKnownFileType = sourcecode.c.h; path = "CLLocationManager+WCPlugin.h"; sourceTree = "<group>"; };
		1CA1F8612018334200FD1B9F /* CLLocationManager+WCPlugin.m */ = {isa = PBXFileReference; lastKnownFileType = sourcecode.c.objc; path = "CLLocationManager+WCPlugin.m"; sourceTree = "<group>"; };
		1CA1F8642018517B00FD1B9F /* WCPluginLocationManager.h */ = {isa = PBXFileReference; lastKnownFileType = sourcecode.c.h; path = WCPluginLocationManager.h; sourceTree = "<group>"; };
		1CA1F8652018517B00FD1B9F /* WCPluginLocationManager.m */ = {isa = PBXFileReference; lastKnownFileType = sourcecode.c.objc; path = WCPluginLocationManager.m; sourceTree = "<group>"; };
		1CFC95F92003B91000865AB9 /* WCPluginContactSelectViewController.h */ = {isa = PBXFileReference; lastKnownFileType = sourcecode.c.h; path = WCPluginContactSelectViewController.h; sourceTree = "<group>"; };
		1CFC95FA2003B91000865AB9 /* WCPluginContactSelectViewController.m */ = {isa = PBXFileReference; lastKnownFileType = sourcecode.c.objc; path = WCPluginContactSelectViewController.m; sourceTree = "<group>"; };
		1CFC95FE2003C56900865AB9 /* MMUICommonUtil.h */ = {isa = PBXFileReference; fileEncoding = 4; lastKnownFileType = sourcecode.c.h; path = MMUICommonUtil.h; sourceTree = "<group>"; };
		1CFC96002003C6BA00865AB9 /* CBaseContact.h */ = {isa = PBXFileReference; fileEncoding = 4; lastKnownFileType = sourcecode.c.h; path = CBaseContact.h; sourceTree = "<group>"; };
		1CFC96012003C6BB00865AB9 /* CContact.h */ = {isa = PBXFileReference; fileEncoding = 4; lastKnownFileType = sourcecode.c.h; path = CContact.h; sourceTree = "<group>"; };
		1CFC96042003CA2000865AB9 /* WeChatHeader.h */ = {isa = PBXFileReference; lastKnownFileType = sourcecode.c.h; path = WeChatHeader.h; sourceTree = "<group>"; };
		1CFC96052003CA5C00865AB9 /* ContactSelectViewDelegate.h */ = {isa = PBXFileReference; fileEncoding = 4; lastKnownFileType = sourcecode.c.h; path = ContactSelectViewDelegate.h; sourceTree = "<group>"; };
		1CFC96062003CA5C00865AB9 /* MMServiceCenter.h */ = {isa = PBXFileReference; fileEncoding = 4; lastKnownFileType = sourcecode.c.h; path = MMServiceCenter.h; sourceTree = "<group>"; };
		1CFC96072003CA5C00865AB9 /* MMUIViewControllerDelegate.h */ = {isa = PBXFileReference; fileEncoding = 4; lastKnownFileType = sourcecode.c.h; path = MMUIViewControllerDelegate.h; sourceTree = "<group>"; };
		1CFC960B2003CC2800865AB9 /* CDStructures.h */ = {isa = PBXFileReference; fileEncoding = 4; lastKnownFileType = sourcecode.c.h; path = CDStructures.h; sourceTree = "<group>"; };
		1CFC960D2005012E00865AB9 /* WCPluginDataHelper.h */ = {isa = PBXFileReference; fileEncoding = 4; lastKnownFileType = sourcecode.c.h; path = WCPluginDataHelper.h; sourceTree = "<group>"; };
		1CFC960E2005012E00865AB9 /* WCPluginDataHelper.m */ = {isa = PBXFileReference; fileEncoding = 4; lastKnownFileType = sourcecode.c.objc; path = WCPluginDataHelper.m; sourceTree = "<group>"; };
		1CFC96112005028B00865AB9 /* WCPluginObfuscation.h */ = {isa = PBXFileReference; fileEncoding = 4; lastKnownFileType = sourcecode.c.h; path = WCPluginObfuscation.h; sourceTree = "<group>"; };
		1CFC961320052C3B00865AB9 /* ContactSelectView.h */ = {isa = PBXFileReference; fileEncoding = 4; lastKnownFileType = sourcecode.c.h; path = ContactSelectView.h; sourceTree = "<group>"; };
		1CFC961520052C6E00865AB9 /* MMSearchBarDelegate.h */ = {isa = PBXFileReference; fileEncoding = 4; lastKnownFileType = sourcecode.c.h; path = MMSearchBarDelegate.h; sourceTree = "<group>"; };
		1CFC961720052C9F00865AB9 /* WCActionSheetDelegate.h */ = {isa = PBXFileReference; fileEncoding = 4; lastKnownFileType = sourcecode.c.h; path = WCActionSheetDelegate.h; sourceTree = "<group>"; };
		1CFC961920052CC400865AB9 /* ContactsDataLogicDelegate.h */ = {isa = PBXFileReference; fileEncoding = 4; lastKnownFileType = sourcecode.c.h; path = ContactsDataLogicDelegate.h; sourceTree = "<group>"; };
/* End PBXFileReference section */

/* Begin PBXFrameworksBuildPhase section */
		1C95376C1FEDFB7700B87B01 /* Frameworks */ = {
			isa = PBXFrameworksBuildPhase;
			buildActionMask = 2147483647;
			files = (
				1C9537941FEDFBEF00B87B01 /* WeChatPlugin.framework in Frameworks */,
			);
			runOnlyForDeploymentPostprocessing = 0;
		};
		1C9537891FEDFBEF00B87B01 /* Frameworks */ = {
			isa = PBXFrameworksBuildPhase;
			buildActionMask = 2147483647;
			files = (
				1C9537BF1FEDFF7600B87B01 /* libc++.tbd in Frameworks */,
				1C9537BD1FEDFF6F00B87B01 /* libstdc++.6.0.9.tbd in Frameworks */,
				1C9537BB1FEDFF6800B87B01 /* JavaScriptCore.framework in Frameworks */,
				1C9537B21FEDFE3B00B87B01 /* Cycript.framework in Frameworks */,
			);
			runOnlyForDeploymentPostprocessing = 0;
		};
/* End PBXFrameworksBuildPhase section */

/* Begin PBXGroup section */
		1C0918082018B9360082723F /* Tools */ = {
			isa = PBXGroup;
			children = (
				1C0918092018B9360082723F /* optool */,
				1C09180A2018B9360082723F /* patch.sh */,
			);
			path = Tools;
			sourceTree = SOURCE_ROOT;
		};
		1C9537661FEDFB7700B87B01 = {
			isa = PBXGroup;
			children = (
				1C9537711FEDFB7800B87B01 /* WeChatHelper */,
				1C95378E1FEDFBEF00B87B01 /* WeChatPlugin */,
				1C9537701FEDFB7800B87B01 /* Products */,
				1C9537B71FEDFF5F00B87B01 /* Frameworks */,
			);
			sourceTree = "<group>";
		};
		1C9537701FEDFB7800B87B01 /* Products */ = {
			isa = PBXGroup;
			children = (
				1C95376F1FEDFB7800B87B01 /* WeChatHelper.app */,
				1C95378D1FEDFBEF00B87B01 /* WeChatPlugin.framework */,
			);
			name = Products;
			sourceTree = "<group>";
		};
		1C9537711FEDFB7800B87B01 /* WeChatHelper */ = {
			isa = PBXGroup;
			children = (
				1C0918082018B9360082723F /* Tools */,
				1C9537721FEDFB7800B87B01 /* AppDelegate.h */,
				1C9537731FEDFB7800B87B01 /* AppDelegate.m */,
				1C95377B1FEDFB7800B87B01 /* Assets.xcassets */,
				1C9537801FEDFB7800B87B01 /* Info.plist */,
				1C9537811FEDFB7800B87B01 /* main.m */,
			);
			path = WeChatHelper;
			sourceTree = "<group>";
		};
		1C95378E1FEDFBEF00B87B01 /* WeChatPlugin */ = {
			isa = PBXGroup;
			children = (
				1CFC95FD2003C56900865AB9 /* WeChatHeader */,
				1C9537C01FEE001400B87B01 /* Class */,
				1C9537A81FEDFE3B00B87B01 /* ThirdParty */,
				1C95379E1FEDFDF500B87B01 /* WCPluginPrefix.pch */,
				1C9537B41FEDFF0B00B87B01 /* WCPAntiDebugHelper.m */,
				1C9537B31FEDFF0B00B87B01 /* WCPAntiDebugHelper.h */,
				1C95379F1FEDFDF500B87B01 /* WeChatPlugin.m */,
				1C95378F1FEDFBEF00B87B01 /* WeChatPlugin.h */,
				1C9537901FEDFBEF00B87B01 /* Info.plist */,
			);
			path = WeChatPlugin;
			sourceTree = "<group>";
		};
		1C9537A81FEDFE3B00B87B01 /* ThirdParty */ = {
			isa = PBXGroup;
			children = (
				1C9537F01FEE00CC00B87B01 /* FMDB */,
				1C9537E91FEE00CC00B87B01 /* MBProgressHUD */,
				1C9537FC1FEE00CC00B87B01 /* SWTableViewCell */,
				1C9537A91FEDFE3B00B87B01 /* fishhook */,
				1C9537AD1FEDFE3B00B87B01 /* cycript */,
			);
			path = ThirdParty;
			sourceTree = "<group>";
		};
		1C9537A91FEDFE3B00B87B01 /* fishhook */ = {
			isa = PBXGroup;
			children = (
				1C9537AA1FEDFE3B00B87B01 /* LICENSE */,
				1C9537AB1FEDFE3B00B87B01 /* fishhook.c */,
				1C9537AC1FEDFE3B00B87B01 /* fishhook.h */,
			);
			path = fishhook;
			sourceTree = "<group>";
		};
		1C9537AD1FEDFE3B00B87B01 /* cycript */ = {
			isa = PBXGroup;
			children = (
				1C9537AE1FEDFE3B00B87B01 /* Cycript.framework */,
			);
			path = cycript;
			sourceTree = "<group>";
		};
		1C9537B71FEDFF5F00B87B01 /* Frameworks */ = {
			isa = PBXGroup;
			children = (
				1C9537BE1FEDFF7600B87B01 /* libc++.tbd */,
				1C9537BC1FEDFF6F00B87B01 /* libstdc++.6.0.9.tbd */,
				1C9537BA1FEDFF6800B87B01 /* JavaScriptCore.framework */,
				1C9537B81FEDFF5F00B87B01 /* libsqlite3.tbd */,
			);
			name = Frameworks;
			sourceTree = "<group>";
		};
		1C9537C01FEE001400B87B01 /* Class */ = {
			isa = PBXGroup;
			children = (
				1C9537C61FEE001400B87B01 /* Utils */,
				1C9537C11FEE001400B87B01 /* UI */,
				1CA1F85C2018328100FD1B9F /* FakeLoc */,
				1CFC961B2005DD6F00865AB9 /* ContactHidden */,
				1CFC961C2005DD6F00865AB9 /* RedEnvelop */,
			);
			path = Class;
			sourceTree = "<group>";
		};
		1C9537C11FEE001400B87B01 /* UI */ = {
			isa = PBXGroup;
			children = (
				1C5793DF1FFE8C6F00074669 /* WCPluginAccountViewController.h */,
				1C7CF4CC200D0D0E00691E0F /* WCPluginMapViewController.h */,
				1C7CF4CD200D0D0E00691E0F /* WCPluginMapViewController.m */,
				1C5793E01FFE8C6F00074669 /* WCPluginAccountViewController.m */,
				1C5793DC1FFE8BED00074669 /* WCPluginRedEnvelopViewController.h */,
				1C5793DB1FFE8BED00074669 /* WCPluginRedEnvelopViewController.m */,
				1C5793E31FFE8E0200074669 /* WCPluginHiddenViewController.h */,
				1C5793E41FFE8E0200074669 /* WCPluginHiddenViewController.m */,
				1C8ED4462009C57D0013ECED /* WCPluginLocationViewController.h */,
				1C8ED4472009C57D0013ECED /* WCPluginLocationViewController.m */,
				1CFC95F92003B91000865AB9 /* WCPluginContactSelectViewController.h */,
				1CFC95FA2003B91000865AB9 /* WCPluginContactSelectViewController.m */,
				1C9537DA1FEE005500B87B01 /* WCPluginAboutViewController.h */,
				1C9537DB1FEE005500B87B01 /* WCPluginAboutViewController.m */,
				1C9537DC1FEE005600B87B01 /* WCPluginRightLabelTableViewCell.h */,
				1C9537DD1FEE005600B87B01 /* WCPluginRightLabelTableViewCell.m */,
				1C9537DF1FEE005600B87B01 /* WCPluginRightSwitchTableViewCell.h */,
				1C9537D91FEE005500B87B01 /* WCPluginRightSwitchTableViewCell.m */,
				1C9537DE1FEE005600B87B01 /* WCPluginSettingViewController.h */,
				1C9537E01FEE005600B87B01 /* WCPluginSettingViewController.m */,
				1C9537C41FEE001400B87B01 /* UIView+WCPlugin.h */,
				1C9537C21FEE001400B87B01 /* UIView+WCPlugin.m */,
				1C9537C31FEE001400B87B01 /* WCPluginUIHijack.h */,
				1C9537C51FEE001400B87B01 /* WCPluginUIHijack.m */,
			);
			path = UI;
			sourceTree = "<group>";
		};
		1C9537C61FEE001400B87B01 /* Utils */ = {
			isa = PBXGroup;
			children = (
				1C09180E2018CFDD0082723F /* WGS84TOGCJ02.h */,
				1C09180D2018CFDD0082723F /* WGS84TOGCJ02.m */,
				1CFC96112005028B00865AB9 /* WCPluginObfuscation.h */,
				1C9537CA1FEE001400B87B01 /* WCPluginDefine.h */,
				1C6A1A942007CA6D00A51BB7 /* WCPluginUtils.h */,
				1C6A1A922007C9FE00A51BB7 /* WCPluginUtils.m */,
				1C9537C71FEE001400B87B01 /* NSBundle+WCPlugin.h */,
				1C9537CB1FEE001400B87B01 /* NSBundle+WCPlugin.m */,
				1C9537C81FEE001400B87B01 /* WCPluginMethodSwizzling.h */,
				1C9537CC1FEE001400B87B01 /* WCPluginMethodSwizzling.m */,
				1CFC960D2005012E00865AB9 /* WCPluginDataHelper.h */,
				1CFC960E2005012E00865AB9 /* WCPluginDataHelper.m */,
			);
			path = Utils;
			sourceTree = "<group>";
		};
		1C9537E91FEE00CC00B87B01 /* MBProgressHUD */ = {
			isa = PBXGroup;
			children = (
				1C9537ED1FEE00CC00B87B01 /* MBProgressHUD.h */,
				1C9537EA1FEE00CC00B87B01 /* MBProgressHUD.m */,
				1C9537EE1FEE00CC00B87B01 /* MBProgressHUD+WSPXMBProgressHUDUtil.h */,
				1C9537EB1FEE00CC00B87B01 /* MBProgressHUD+WSPXMBProgressHUDUtil.m */,
				1C9537EC1FEE00CC00B87B01 /* MBProgressHUDManager.h */,
				1C9537EF1FEE00CC00B87B01 /* MBProgressHUDManager.m */,
			);
			path = MBProgressHUD;
			sourceTree = "<group>";
		};
		1C9537F01FEE00CC00B87B01 /* FMDB */ = {
			isa = PBXGroup;
			children = (
				1C9537F11FEE00CC00B87B01 /* FMDatabase.h */,
				1C9537F21FEE00CC00B87B01 /* FMDatabaseQueue.m */,
				1C9537F31FEE00CC00B87B01 /* FMResultSet.h */,
				1C9537F41FEE00CC00B87B01 /* FMDatabasePool.h */,
				1C9537F51FEE00CC00B87B01 /* FMDatabaseAdditions.m */,
				1C9537F61FEE00CC00B87B01 /* FMDatabase.m */,
				1C9537F71FEE00CC00B87B01 /* FMDatabaseQueue.h */,
				1C9537F81FEE00CC00B87B01 /* FMDB.h */,
				1C9537F91FEE00CC00B87B01 /* FMDatabaseAdditions.h */,
				1C9537FA1FEE00CC00B87B01 /* FMDatabasePool.m */,
				1C9537FB1FEE00CC00B87B01 /* FMResultSet.m */,
			);
			path = FMDB;
			sourceTree = "<group>";
		};
		1C9537FC1FEE00CC00B87B01 /* SWTableViewCell */ = {
			isa = PBXGroup;
			children = (
				1C9538061FEE00CC00B87B01 /* SWCellScrollView.h */,
				1C9537FE1FEE00CC00B87B01 /* SWCellScrollView.m */,
				1C9538071FEE00CC00B87B01 /* SWUtilityButtonView.h */,
				1C9538011FEE00CC00B87B01 /* SWUtilityButtonView.m */,
				1C9538021FEE00CC00B87B01 /* SWTableViewCell.h */,
				1C9538081FEE00CC00B87B01 /* SWTableViewCell.m */,
				1C9537FF1FEE00CC00B87B01 /* NSMutableArray+SWUtilityButtons.h */,
				1C9538051FEE00CC00B87B01 /* NSMutableArray+SWUtilityButtons.m */,
				1C9538001FEE00CC00B87B01 /* SWLongPressGestureRecognizer.h */,
				1C9538041FEE00CC00B87B01 /* SWLongPressGestureRecognizer.m */,
				1C9537FD1FEE00CC00B87B01 /* SWUtilityButtonTapGestureRecognizer.h */,
				1C9538031FEE00CC00B87B01 /* SWUtilityButtonTapGestureRecognizer.m */,
			);
			path = SWTableViewCell;
			sourceTree = "<group>";
		};
		1CA1F85C2018328100FD1B9F /* FakeLoc */ = {
			isa = PBXGroup;
			children = (
				1CA1F85D201832AB00FD1B9F /* WCPluginFakeLocHijack.m */,
				1CA1F85F201832CB00FD1B9F /* WCPluginFakeLocHijack.h */,
				1CA1F8642018517B00FD1B9F /* WCPluginLocationManager.h */,
				1CA1F8652018517B00FD1B9F /* WCPluginLocationManager.m */,
				1CA1F8602018334200FD1B9F /* CLLocationManager+WCPlugin.h */,
				1CA1F8612018334200FD1B9F /* CLLocationManager+WCPlugin.m */,
			);
			path = FakeLoc;
			sourceTree = "<group>";
		};
		1CFC95FD2003C56900865AB9 /* WeChatHeader */ = {
			isa = PBXGroup;
			children = (
				1CFC960B2003CC2800865AB9 /* CDStructures.h */,
				1C7CF4D0200D0D7600691E0F /* MMObject.h */,
				1C7CF4C9200D0A8000691E0F /* MMDelegateCenterExt.h */,
				1C7CF4C8200D0A8000691E0F /* MMTableViewDelegate.h */,
				1C7CF4C0200D0A4C00691E0F /* MMTableView.h */,
				1C7CF4BE200D0A4C00691E0F /* MMTableViewCell.h */,
				1C7CF4BC200D0A4C00691E0F /* MMTableViewCellInfo.h */,
				1C7CF4BD200D0A4C00691E0F /* MMTableViewInfo.h */,
				1C7CF4BA200D0A4C00691E0F /* MMTableViewInfoDelegate.h */,
				1C7CF4BF200D0A4C00691E0F /* MMTableViewSectionInfo.h */,
				1C7CF4BB200D0A4C00691E0F /* MMTableViewUserInfo.h */,
				1C8ED440200910E80013ECED /* MMTabBarController.h */,
				1CFC961520052C6E00865AB9 /* MMSearchBarDelegate.h */,
				1CFC96062003CA5C00865AB9 /* MMServiceCenter.h */,
				1CFC96072003CA5C00865AB9 /* MMUIViewControllerDelegate.h */,
				1CFC95FE2003C56900865AB9 /* MMUICommonUtil.h */,
				1CFC96002003C6BA00865AB9 /* CBaseContact.h */,
				1CFC96012003C6BB00865AB9 /* CContact.h */,
				1CFC961920052CC400865AB9 /* ContactsDataLogicDelegate.h */,
				1CFC961320052C3B00865AB9 /* ContactSelectView.h */,
				1CFC96052003CA5C00865AB9 /* ContactSelectViewDelegate.h */,
				1CFC961720052C9F00865AB9 /* WCActionSheetDelegate.h */,
				1CFC96042003CA2000865AB9 /* WeChatHeader.h */,
			);
			path = WeChatHeader;
			sourceTree = "<group>";
		};
		1CFC961B2005DD6F00865AB9 /* ContactHidden */ = {
			isa = PBXGroup;
			children = (
				1C6A1A902007C46400A51BB7 /* WCPluginContactHiddenHijack.h */,
				1C6A1A8E2007C44800A51BB7 /* WCPluginContactHiddenHijack.m */,
			);
			path = ContactHidden;
			sourceTree = "<group>";
		};
		1CFC961C2005DD6F00865AB9 /* RedEnvelop */ = {
			isa = PBXGroup;
			children = (
				1C8ED42D2008FB340013ECED /* WCPluginRedEnvelopHelper.h */,
				1C8ED4312008FB340013ECED /* WCPluginRedEnvelopHelper.m */,
				1C8ED42C2008FB340013ECED /* WCPluginRedEnvelopOperation.h */,
				1C8ED4282008FB340013ECED /* WCPluginRedEnvelopOperation.m */,
				1C8ED42E2008FB340013ECED /* WCPluginRedEnvelopParam.h */,
				1C8ED42A2008FB340013ECED /* WCPluginRedEnvelopParam.m */,
				1C8ED4302008FB340013ECED /* WCPluginRedEnvelopParamQueue.h */,
				1C8ED42F2008FB340013ECED /* WCPluginRedEnvelopParamQueue.m */,
				1C8ED4292008FB340013ECED /* WCPluginRedEnvelopTaskManager.h */,
				1C8ED42B2008FB340013ECED /* WCPluginRedEnvelopTaskManager.m */,
				1C8ED43C200904B00013ECED /* WCPluginRedEnvelopHijack.h */,
				1C8ED43D200904B00013ECED /* WCPluginRedEnvelopHijack.m */,
			);
			path = RedEnvelop;
			sourceTree = "<group>";
		};
/* End PBXGroup section */

/* Begin PBXHeadersBuildPhase section */
		1C95378A1FEDFBEF00B87B01 /* Headers */ = {
			isa = PBXHeadersBuildPhase;
			buildActionMask = 2147483647;
			files = (
				1C95380D1FEE00CC00B87B01 /* MBProgressHUD+WSPXMBProgressHUDUtil.h in Headers */,
				1C95381A1FEE00CC00B87B01 /* SWUtilityButtonTapGestureRecognizer.h in Headers */,
				1CFC96122005028B00865AB9 /* WCPluginObfuscation.h in Headers */,
				1C9537E21FEE005600B87B01 /* WCPluginAboutViewController.h in Headers */,
				1CFC960A2003CA5C00865AB9 /* MMUIViewControllerDelegate.h in Headers */,
				1C5793E11FFE8C6F00074669 /* WCPluginAccountViewController.h in Headers */,
				1CFC95FB2003B91000865AB9 /* WCPluginContactSelectViewController.h in Headers */,
				1C95380F1FEE00CC00B87B01 /* FMDatabase.h in Headers */,
				1C7CF4C7200D0A4C00691E0F /* MMTableView.h in Headers */,
				1C9538241FEE00CC00B87B01 /* SWUtilityButtonView.h in Headers */,
				1C7CF4C1200D0A4C00691E0F /* MMTableViewInfoDelegate.h in Headers */,
				1C95380B1FEE00CC00B87B01 /* MBProgressHUDManager.h in Headers */,
				1C9538111FEE00CC00B87B01 /* FMResultSet.h in Headers */,
				1C95381C1FEE00CC00B87B01 /* NSMutableArray+SWUtilityButtons.h in Headers */,
				1C9537E61FEE005600B87B01 /* WCPluginSettingViewController.h in Headers */,
				1C95381F1FEE00CC00B87B01 /* SWTableViewCell.h in Headers */,
				1C9537D51FEE001400B87B01 /* WCPluginDefine.h in Headers */,
				1C0918102018CFDD0082723F /* WGS84TOGCJ02.h in Headers */,
				1C7CF4D1200D0D7700691E0F /* MMObject.h in Headers */,
				1C9537D01FEE001400B87B01 /* UIView+WCPlugin.h in Headers */,
				1CFC960C2003CC2800865AB9 /* CDStructures.h in Headers */,
				1C8ED4482009C57D0013ECED /* WCPluginLocationViewController.h in Headers */,
				1C9537E71FEE005600B87B01 /* WCPluginRightSwitchTableViewCell.h in Headers */,
				1CFC961A20052CC400865AB9 /* ContactsDataLogicDelegate.h in Headers */,
				1C9537A01FEDFDF500B87B01 /* WCPluginPrefix.pch in Headers */,
				1CFC961620052C6E00865AB9 /* MMSearchBarDelegate.h in Headers */,
				1C9537D31FEE001400B87B01 /* WCPluginMethodSwizzling.h in Headers */,
				1C9538121FEE00CC00B87B01 /* FMDatabasePool.h in Headers */,
				1CFC96082003CA5C00865AB9 /* ContactSelectViewDelegate.h in Headers */,
				1CFC96032003C6BB00865AB9 /* CContact.h in Headers */,
				1C9538231FEE00CC00B87B01 /* SWCellScrollView.h in Headers */,
				1C8ED4362008FB340013ECED /* WCPluginRedEnvelopOperation.h in Headers */,
				1C7CF4C4200D0A4C00691E0F /* MMTableViewInfo.h in Headers */,
				1C9537CF1FEE001400B87B01 /* WCPluginUIHijack.h in Headers */,
				1CFC96092003CA5C00865AB9 /* MMServiceCenter.h in Headers */,
				1C8ED4372008FB340013ECED /* WCPluginRedEnvelopHelper.h in Headers */,
				1C95381D1FEE00CC00B87B01 /* SWLongPressGestureRecognizer.h in Headers */,
				1C9538171FEE00CC00B87B01 /* FMDatabaseAdditions.h in Headers */,
				1C8ED441200910E80013ECED /* MMTabBarController.h in Headers */,
				1CFC95FF2003C56900865AB9 /* MMUICommonUtil.h in Headers */,
				1C8ED4382008FB340013ECED /* WCPluginRedEnvelopParam.h in Headers */,
				1C7CF4C5200D0A4C00691E0F /* MMTableViewCell.h in Headers */,
				1C7CF4CB200D0A8000691E0F /* MMDelegateCenterExt.h in Headers */,
				1C95380C1FEE00CC00B87B01 /* MBProgressHUD.h in Headers */,
				1C7CF4CA200D0A8000691E0F /* MMTableViewDelegate.h in Headers */,
				1C7CF4C6200D0A4C00691E0F /* MMTableViewSectionInfo.h in Headers */,
				1C8ED43A2008FB340013ECED /* WCPluginRedEnvelopParamQueue.h in Headers */,
				1C9537D21FEE001400B87B01 /* NSBundle+WCPlugin.h in Headers */,
				1C9537911FEDFBEF00B87B01 /* WeChatPlugin.h in Headers */,
				1C7CF4CE200D0D0E00691E0F /* WCPluginMapViewController.h in Headers */,
				1C5793DE1FFE8BED00074669 /* WCPluginRedEnvelopViewController.h in Headers */,
				1C9538161FEE00CC00B87B01 /* FMDB.h in Headers */,
				1C5793E51FFE8E0200074669 /* WCPluginHiddenViewController.h in Headers */,
				1C7CF4C3200D0A4C00691E0F /* MMTableViewCellInfo.h in Headers */,
				1CA1F8622018334200FD1B9F /* CLLocationManager+WCPlugin.h in Headers */,
				1C7CF4C2200D0A4C00691E0F /* MMTableViewUserInfo.h in Headers */,
				1C9537B11FEDFE3B00B87B01 /* fishhook.h in Headers */,
				1C8ED4332008FB340013ECED /* WCPluginRedEnvelopTaskManager.h in Headers */,
				1CFC961820052C9F00865AB9 /* WCActionSheetDelegate.h in Headers */,
				1C8ED43E200904B00013ECED /* WCPluginRedEnvelopHijack.h in Headers */,
				1C9537B51FEDFF0B00B87B01 /* WCPAntiDebugHelper.h in Headers */,
				1CFC96022003C6BB00865AB9 /* CBaseContact.h in Headers */,
				1CFC960F2005012E00865AB9 /* WCPluginDataHelper.h in Headers */,
				1C9537E41FEE005600B87B01 /* WCPluginRightLabelTableViewCell.h in Headers */,
				1CFC961420052C3B00865AB9 /* ContactSelectView.h in Headers */,
				1CA1F8662018517B00FD1B9F /* WCPluginLocationManager.h in Headers */,
				1C9538151FEE00CC00B87B01 /* FMDatabaseQueue.h in Headers */,
			);
			runOnlyForDeploymentPostprocessing = 0;
		};
/* End PBXHeadersBuildPhase section */

/* Begin PBXNativeTarget section */
		1C95376E1FEDFB7700B87B01 /* WeChatHelper */ = {
			isa = PBXNativeTarget;
			buildConfigurationList = 1C9537851FEDFB7800B87B01 /* Build configuration list for PBXNativeTarget "WeChatHelper" */;
			buildPhases = (
				1C95376B1FEDFB7700B87B01 /* Sources */,
				1C95376C1FEDFB7700B87B01 /* Frameworks */,
				1C95376D1FEDFB7700B87B01 /* Resources */,
				1C9537991FEDFBEF00B87B01 /* Embed Frameworks */,
				1C95379D1FEDFCFF00B87B01 /* ShellScript */,
			);
			buildRules = (
			);
			dependencies = (
				1C9537931FEDFBEF00B87B01 /* PBXTargetDependency */,
			);
			name = WeChatHelper;
			productName = WeChatHelper;
			productReference = 1C95376F1FEDFB7800B87B01 /* WeChatHelper.app */;
			productType = "com.apple.product-type.application";
		};
		1C95378C1FEDFBEF00B87B01 /* WeChatPlugin */ = {
			isa = PBXNativeTarget;
			buildConfigurationList = 1C9537961FEDFBEF00B87B01 /* Build configuration list for PBXNativeTarget "WeChatPlugin" */;
			buildPhases = (
				1C9537881FEDFBEF00B87B01 /* Sources */,
				1C9537891FEDFBEF00B87B01 /* Frameworks */,
				1C95378A1FEDFBEF00B87B01 /* Headers */,
				1C95378B1FEDFBEF00B87B01 /* Resources */,
			);
			buildRules = (
			);
			dependencies = (
			);
			name = WeChatPlugin;
			productName = WeChatPlugin;
			productReference = 1C95378D1FEDFBEF00B87B01 /* WeChatPlugin.framework */;
			productType = "com.apple.product-type.framework";
		};
/* End PBXNativeTarget section */

/* Begin PBXProject section */
		1C9537671FEDFB7700B87B01 /* Project object */ = {
			isa = PBXProject;
			attributes = {
				LastUpgradeCheck = 0920;
				ORGANIZATIONNAME = wadahana;
				TargetAttributes = {
					1C95376E1FEDFB7700B87B01 = {
						CreatedOnToolsVersion = 9.2;
						ProvisioningStyle = Automatic;
					};
					1C95378C1FEDFBEF00B87B01 = {
						CreatedOnToolsVersion = 9.2;
						ProvisioningStyle = Automatic;
					};
				};
			};
			buildConfigurationList = 1C95376A1FEDFB7700B87B01 /* Build configuration list for PBXProject "WeChatHelper" */;
			compatibilityVersion = "Xcode 8.0";
			developmentRegion = en;
			hasScannedForEncodings = 0;
			knownRegions = (
				en,
				Base,
			);
			mainGroup = 1C9537661FEDFB7700B87B01;
			productRefGroup = 1C9537701FEDFB7800B87B01 /* Products */;
			projectDirPath = "";
			projectRoot = "";
			targets = (
				1C95376E1FEDFB7700B87B01 /* WeChatHelper */,
				1C95378C1FEDFBEF00B87B01 /* WeChatPlugin */,
			);
		};
/* End PBXProject section */

/* Begin PBXResourcesBuildPhase section */
		1C95376D1FEDFB7700B87B01 /* Resources */ = {
			isa = PBXResourcesBuildPhase;
			buildActionMask = 2147483647;
			files = (
				1C95377C1FEDFB7800B87B01 /* Assets.xcassets in Resources */,
				1C09180C2018B9360082723F /* patch.sh in Resources */,
				1C09180B2018B9360082723F /* optool in Resources */,
			);
			runOnlyForDeploymentPostprocessing = 0;
		};
		1C95378B1FEDFBEF00B87B01 /* Resources */ = {
			isa = PBXResourcesBuildPhase;
			buildActionMask = 2147483647;
			files = (
				1C9537AF1FEDFE3B00B87B01 /* LICENSE in Resources */,
			);
			runOnlyForDeploymentPostprocessing = 0;
		};
/* End PBXResourcesBuildPhase section */

/* Begin PBXShellScriptBuildPhase section */
		1C95379D1FEDFCFF00B87B01 /* ShellScript */ = {
			isa = PBXShellScriptBuildPhase;
			buildActionMask = 2147483647;
			files = (
			);
			inputPaths = (
			);
			outputPaths = (
			);
			runOnlyForDeploymentPostprocessing = 0;
			shellPath = /bin/sh;
			shellScript = "\"${SRCROOT}/Tools/patch.sh\"";
		};
/* End PBXShellScriptBuildPhase section */

/* Begin PBXSourcesBuildPhase section */
		1C95376B1FEDFB7700B87B01 /* Sources */ = {
			isa = PBXSourcesBuildPhase;
			buildActionMask = 2147483647;
			files = (
				1C9537821FEDFB7800B87B01 /* main.m in Sources */,
				1C9537741FEDFB7800B87B01 /* AppDelegate.m in Sources */,
			);
			runOnlyForDeploymentPostprocessing = 0;
		};
		1C9537881FEDFBEF00B87B01 /* Sources */ = {
			isa = PBXSourcesBuildPhase;
			buildActionMask = 2147483647;
			files = (
				1C9537B61FEDFF0B00B87B01 /* WCPAntiDebugHelper.m in Sources */,
				1C9538251FEE00CC00B87B01 /* SWTableViewCell.m in Sources */,
				1C9538201FEE00CC00B87B01 /* SWUtilityButtonTapGestureRecognizer.m in Sources */,
				1C95380A1FEE00CC00B87B01 /* MBProgressHUD+WSPXMBProgressHUDUtil.m in Sources */,
				1C8ED4342008FB340013ECED /* WCPluginRedEnvelopParam.m in Sources */,
				1C5793DD1FFE8BED00074669 /* WCPluginRedEnvelopViewController.m in Sources */,
				1C6A1A8F2007C44800A51BB7 /* WCPluginContactHiddenHijack.m in Sources */,
				1C9538181FEE00CC00B87B01 /* FMDatabasePool.m in Sources */,
				1C8ED4392008FB340013ECED /* WCPluginRedEnvelopParamQueue.m in Sources */,
				1C9537D61FEE001400B87B01 /* NSBundle+WCPlugin.m in Sources */,
				1C5793E21FFE8C6F00074669 /* WCPluginAccountViewController.m in Sources */,
				1C9538141FEE00CC00B87B01 /* FMDatabase.m in Sources */,
				1C7CF4CF200D0D0E00691E0F /* WCPluginMapViewController.m in Sources */,
				1CA1F85E201832AB00FD1B9F /* WCPluginFakeLocHijack.m in Sources */,
				1CA1F8672018517B00FD1B9F /* WCPluginLocationManager.m in Sources */,
				1C9537E51FEE005600B87B01 /* WCPluginRightLabelTableViewCell.m in Sources */,
				1C9538131FEE00CC00B87B01 /* FMDatabaseAdditions.m in Sources */,
				1C8ED43F200904B00013ECED /* WCPluginRedEnvelopHijack.m in Sources */,
				1C5793E61FFE8E0200074669 /* WCPluginHiddenViewController.m in Sources */,
				1C8ED4352008FB340013ECED /* WCPluginRedEnvelopTaskManager.m in Sources */,
				1C9537D71FEE001400B87B01 /* WCPluginMethodSwizzling.m in Sources */,
				1C9537E11FEE005600B87B01 /* WCPluginRightSwitchTableViewCell.m in Sources */,
				1C95381E1FEE00CC00B87B01 /* SWUtilityButtonView.m in Sources */,
				1C9537D11FEE001400B87B01 /* WCPluginUIHijack.m in Sources */,
				1C9537CE1FEE001400B87B01 /* UIView+WCPlugin.m in Sources */,
				1C8ED4492009C57D0013ECED /* WCPluginLocationViewController.m in Sources */,
				1C95381B1FEE00CC00B87B01 /* SWCellScrollView.m in Sources */,
				1C9538101FEE00CC00B87B01 /* FMDatabaseQueue.m in Sources */,
				1C9537E81FEE005600B87B01 /* WCPluginSettingViewController.m in Sources */,
				1C9538191FEE00CC00B87B01 /* FMResultSet.m in Sources */,
				1C9538091FEE00CC00B87B01 /* MBProgressHUD.m in Sources */,
				1CFC96102005012E00865AB9 /* WCPluginDataHelper.m in Sources */,
				1C8ED43B2008FB340013ECED /* WCPluginRedEnvelopHelper.m in Sources */,
				1C95380E1FEE00CC00B87B01 /* MBProgressHUDManager.m in Sources */,
				1C9537E31FEE005600B87B01 /* WCPluginAboutViewController.m in Sources */,
				1C9538221FEE00CC00B87B01 /* NSMutableArray+SWUtilityButtons.m in Sources */,
				1C8ED4322008FB340013ECED /* WCPluginRedEnvelopOperation.m in Sources */,
				1C9537B01FEDFE3B00B87B01 /* fishhook.c in Sources */,
				1C9537A11FEDFDF500B87B01 /* WeChatPlugin.m in Sources */,
				1C09180F2018CFDD0082723F /* WGS84TOGCJ02.m in Sources */,
				1CFC95FC2003B91000865AB9 /* WCPluginContactSelectViewController.m in Sources */,
				1C9538211FEE00CC00B87B01 /* SWLongPressGestureRecognizer.m in Sources */,
				1C6A1A932007C9FE00A51BB7 /* WCPluginUtils.m in Sources */,
				1CA1F8632018334200FD1B9F /* CLLocationManager+WCPlugin.m in Sources */,
			);
			runOnlyForDeploymentPostprocessing = 0;
		};
/* End PBXSourcesBuildPhase section */

/* Begin PBXTargetDependency section */
		1C9537931FEDFBEF00B87B01 /* PBXTargetDependency */ = {
			isa = PBXTargetDependency;
			target = 1C95378C1FEDFBEF00B87B01 /* WeChatPlugin */;
			targetProxy = 1C9537921FEDFBEF00B87B01 /* PBXContainerItemProxy */;
		};
/* End PBXTargetDependency section */

/* Begin XCBuildConfiguration section */
		1C9537831FEDFB7800B87B01 /* Debug */ = {
			isa = XCBuildConfiguration;
			buildSettings = {
				ALWAYS_SEARCH_USER_PATHS = NO;
				CLANG_ANALYZER_NONNULL = YES;
				CLANG_ANALYZER_NUMBER_OBJECT_CONVERSION = YES_AGGRESSIVE;
				CLANG_CXX_LANGUAGE_STANDARD = "gnu++14";
				CLANG_CXX_LIBRARY = "libc++";
				CLANG_ENABLE_MODULES = YES;
				CLANG_ENABLE_OBJC_ARC = YES;
				CLANG_WARN_BLOCK_CAPTURE_AUTORELEASING = YES;
				CLANG_WARN_BOOL_CONVERSION = YES;
				CLANG_WARN_COMMA = YES;
				CLANG_WARN_CONSTANT_CONVERSION = YES;
				CLANG_WARN_DIRECT_OBJC_ISA_USAGE = YES_ERROR;
				CLANG_WARN_DOCUMENTATION_COMMENTS = YES;
				CLANG_WARN_EMPTY_BODY = YES;
				CLANG_WARN_ENUM_CONVERSION = YES;
				CLANG_WARN_INFINITE_RECURSION = YES;
				CLANG_WARN_INT_CONVERSION = YES;
				CLANG_WARN_NON_LITERAL_NULL_CONVERSION = YES;
				CLANG_WARN_OBJC_LITERAL_CONVERSION = YES;
				CLANG_WARN_OBJC_ROOT_CLASS = YES_ERROR;
				CLANG_WARN_RANGE_LOOP_ANALYSIS = YES;
				CLANG_WARN_STRICT_PROTOTYPES = YES;
				CLANG_WARN_SUSPICIOUS_MOVE = YES;
				CLANG_WARN_UNGUARDED_AVAILABILITY = YES_AGGRESSIVE;
				CLANG_WARN_UNREACHABLE_CODE = YES;
				CLANG_WARN__DUPLICATE_METHOD_MATCH = YES;
				CODE_SIGN_IDENTITY = "iPhone Developer";
				COPY_PHASE_STRIP = NO;
				DEBUG_INFORMATION_FORMAT = dwarf;
				ENABLE_STRICT_OBJC_MSGSEND = YES;
				ENABLE_TESTABILITY = YES;
				GCC_C_LANGUAGE_STANDARD = gnu11;
				GCC_DYNAMIC_NO_PIC = NO;
				GCC_NO_COMMON_BLOCKS = YES;
				GCC_OPTIMIZATION_LEVEL = 0;
				GCC_PREPROCESSOR_DEFINITIONS = (
					"DEBUG=1",
					"$(inherited)",
				);
				GCC_WARN_64_TO_32_BIT_CONVERSION = YES;
				GCC_WARN_ABOUT_RETURN_TYPE = YES_ERROR;
				GCC_WARN_UNDECLARED_SELECTOR = YES;
				GCC_WARN_UNINITIALIZED_AUTOS = YES_AGGRESSIVE;
				GCC_WARN_UNUSED_FUNCTION = YES;
				GCC_WARN_UNUSED_VARIABLE = YES;
				IPHONEOS_DEPLOYMENT_TARGET = 8.0;
				MTL_ENABLE_DEBUG_INFO = YES;
				ONLY_ACTIVE_ARCH = YES;
				SDKROOT = iphoneos;
			};
			name = Debug;
		};
		1C9537841FEDFB7800B87B01 /* Release */ = {
			isa = XCBuildConfiguration;
			buildSettings = {
				ALWAYS_SEARCH_USER_PATHS = NO;
				CLANG_ANALYZER_NONNULL = YES;
				CLANG_ANALYZER_NUMBER_OBJECT_CONVERSION = YES_AGGRESSIVE;
				CLANG_CXX_LANGUAGE_STANDARD = "gnu++14";
				CLANG_CXX_LIBRARY = "libc++";
				CLANG_ENABLE_MODULES = YES;
				CLANG_ENABLE_OBJC_ARC = YES;
				CLANG_WARN_BLOCK_CAPTURE_AUTORELEASING = YES;
				CLANG_WARN_BOOL_CONVERSION = YES;
				CLANG_WARN_COMMA = YES;
				CLANG_WARN_CONSTANT_CONVERSION = YES;
				CLANG_WARN_DIRECT_OBJC_ISA_USAGE = YES_ERROR;
				CLANG_WARN_DOCUMENTATION_COMMENTS = YES;
				CLANG_WARN_EMPTY_BODY = YES;
				CLANG_WARN_ENUM_CONVERSION = YES;
				CLANG_WARN_INFINITE_RECURSION = YES;
				CLANG_WARN_INT_CONVERSION = YES;
				CLANG_WARN_NON_LITERAL_NULL_CONVERSION = YES;
				CLANG_WARN_OBJC_LITERAL_CONVERSION = YES;
				CLANG_WARN_OBJC_ROOT_CLASS = YES_ERROR;
				CLANG_WARN_RANGE_LOOP_ANALYSIS = YES;
				CLANG_WARN_STRICT_PROTOTYPES = YES;
				CLANG_WARN_SUSPICIOUS_MOVE = YES;
				CLANG_WARN_UNGUARDED_AVAILABILITY = YES_AGGRESSIVE;
				CLANG_WARN_UNREACHABLE_CODE = YES;
				CLANG_WARN__DUPLICATE_METHOD_MATCH = YES;
				CODE_SIGN_IDENTITY = "iPhone Developer";
				COPY_PHASE_STRIP = NO;
				DEBUG_INFORMATION_FORMAT = "dwarf-with-dsym";
				ENABLE_NS_ASSERTIONS = NO;
				ENABLE_STRICT_OBJC_MSGSEND = YES;
				GCC_C_LANGUAGE_STANDARD = gnu11;
				GCC_NO_COMMON_BLOCKS = YES;
				GCC_WARN_64_TO_32_BIT_CONVERSION = YES;
				GCC_WARN_ABOUT_RETURN_TYPE = YES_ERROR;
				GCC_WARN_UNDECLARED_SELECTOR = YES;
				GCC_WARN_UNINITIALIZED_AUTOS = YES_AGGRESSIVE;
				GCC_WARN_UNUSED_FUNCTION = YES;
				GCC_WARN_UNUSED_VARIABLE = YES;
				IPHONEOS_DEPLOYMENT_TARGET = 8.0;
				MTL_ENABLE_DEBUG_INFO = NO;
				SDKROOT = iphoneos;
				VALIDATE_PRODUCT = YES;
			};
			name = Release;
		};
		1C9537861FEDFB7800B87B01 /* Debug */ = {
			isa = XCBuildConfiguration;
			buildSettings = {
				ASSETCATALOG_COMPILER_APPICON_NAME = AppIcon;
				CLANG_WARN_STRICT_PROTOTYPES = NO;
				CODE_SIGN_STYLE = Automatic;
				DEVELOPMENT_TEAM = 8D983AWF36;
				ENABLE_BITCODE = NO;
				INFOPLIST_FILE = WeChatHelper/Info.plist;
				LD_RUNPATH_SEARCH_PATHS = "$(inherited) @executable_path/Frameworks";
				PRODUCT_BUNDLE_IDENTIFIER = com.wechat.hijack;
				PRODUCT_NAME = "$(TARGET_NAME)";
				TARGETED_DEVICE_FAMILY = "1,2";
			};
			name = Debug;
		};
		1C9537871FEDFB7800B87B01 /* Release */ = {
			isa = XCBuildConfiguration;
			buildSettings = {
				ASSETCATALOG_COMPILER_APPICON_NAME = AppIcon;
				CLANG_WARN_STRICT_PROTOTYPES = NO;
				CODE_SIGN_STYLE = Automatic;
				DEVELOPMENT_TEAM = 8D983AWF36;
				ENABLE_BITCODE = NO;
				INFOPLIST_FILE = WeChatHelper/Info.plist;
				LD_RUNPATH_SEARCH_PATHS = "$(inherited) @executable_path/Frameworks";
				PRODUCT_BUNDLE_IDENTIFIER = com.wechat.hijack;
				PRODUCT_NAME = "$(TARGET_NAME)";
				TARGETED_DEVICE_FAMILY = "1,2";
			};
			name = Release;
		};
		1C9537971FEDFBEF00B87B01 /* Debug */ = {
			isa = XCBuildConfiguration;
			buildSettings = {
				CLANG_WARN_STRICT_PROTOTYPES = NO;
				CODE_SIGN_IDENTITY = "";
				CODE_SIGN_STYLE = Automatic;
				CURRENT_PROJECT_VERSION = 1;
				DEFINES_MODULE = YES;
				DEVELOPMENT_TEAM = 8D983AWF36;
				DYLIB_COMPATIBILITY_VERSION = 1;
				DYLIB_CURRENT_VERSION = 1;
				DYLIB_INSTALL_NAME_BASE = "@rpath";
				ENABLE_BITCODE = NO;
				FRAMEWORK_SEARCH_PATHS = (
					"$(inherited)",
					"$(PROJECT_DIR)/WeChatPlugin/ThirdParty/cycript",
				);
				GCC_PRECOMPILE_PREFIX_HEADER = YES;
				GCC_PREFIX_HEADER = WeChatPlugin/WCPluginPrefix.pch;
				HEADER_SEARCH_PATHS = "$(PROJECT_DIR)/WeChatPlugin/WeChatHeader";
				INFOPLIST_FILE = WeChatPlugin/Info.plist;
				INSTALL_PATH = "$(LOCAL_LIBRARY_DIR)/Frameworks";
				LD_RUNPATH_SEARCH_PATHS = "$(inherited) @executable_path/Frameworks @loader_path/Frameworks";
				PRODUCT_BUNDLE_IDENTIFIER = com.wechat.hijack.plugin;
				PRODUCT_NAME = "$(TARGET_NAME:c99extidentifier)";
				SKIP_INSTALL = YES;
				TARGETED_DEVICE_FAMILY = "1,2";
				VERSIONING_SYSTEM = "apple-generic";
				VERSION_INFO_PREFIX = "";
			};
			name = Debug;
		};
		1C9537981FEDFBEF00B87B01 /* Release */ = {
			isa = XCBuildConfiguration;
			buildSettings = {
				CLANG_WARN_STRICT_PROTOTYPES = NO;
				CODE_SIGN_IDENTITY = "";
				CODE_SIGN_STYLE = Automatic;
				CURRENT_PROJECT_VERSION = 1;
				DEFINES_MODULE = YES;
				DEVELOPMENT_TEAM = 8D983AWF36;
				DYLIB_COMPATIBILITY_VERSION = 1;
				DYLIB_CURRENT_VERSION = 1;
				DYLIB_INSTALL_NAME_BASE = "@rpath";
				ENABLE_BITCODE = NO;
				FRAMEWORK_SEARCH_PATHS = (
					"$(inherited)",
					"$(PROJECT_DIR)/WeChatPlugin/ThirdParty/cycript",
				);
				GCC_PRECOMPILE_PREFIX_HEADER = YES;
				GCC_PREFIX_HEADER = WeChatPlugin/WCPluginPrefix.pch;
				HEADER_SEARCH_PATHS = "$(PROJECT_DIR)/WeChatPlugin/WeChatHeader";
				INFOPLIST_FILE = WeChatPlugin/Info.plist;
				INSTALL_PATH = "$(LOCAL_LIBRARY_DIR)/Frameworks";
				LD_RUNPATH_SEARCH_PATHS = "$(inherited) @executable_path/Frameworks @loader_path/Frameworks";
				PRODUCT_BUNDLE_IDENTIFIER = com.wechat.hijack.plugin;
				PRODUCT_NAME = "$(TARGET_NAME:c99extidentifier)";
				SKIP_INSTALL = YES;
				TARGETED_DEVICE_FAMILY = "1,2";
				VERSIONING_SYSTEM = "apple-generic";
				VERSION_INFO_PREFIX = "";
			};
			name = Release;
		};
/* End XCBuildConfiguration section */

/* Begin XCConfigurationList section */
		1C95376A1FEDFB7700B87B01 /* Build configuration list for PBXProject "WeChatHelper" */ = {
			isa = XCConfigurationList;
			buildConfigurations = (
				1C9537831FEDFB7800B87B01 /* Debug */,
				1C9537841FEDFB7800B87B01 /* Release */,
			);
			defaultConfigurationIsVisible = 0;
			defaultConfigurationName = Release;
		};
		1C9537851FEDFB7800B87B01 /* Build configuration list for PBXNativeTarget "WeChatHelper" */ = {
			isa = XCConfigurationList;
			buildConfigurations = (
				1C9537861FEDFB7800B87B01 /* Debug */,
				1C9537871FEDFB7800B87B01 /* Release */,
			);
			defaultConfigurationIsVisible = 0;
			defaultConfigurationName = Release;
		};
		1C9537961FEDFBEF00B87B01 /* Build configuration list for PBXNativeTarget "WeChatPlugin" */ = {
			isa = XCConfigurationList;
			buildConfigurations = (
				1C9537971FEDFBEF00B87B01 /* Debug */,
				1C9537981FEDFBEF00B87B01 /* Release */,
			);
			defaultConfigurationIsVisible = 0;
			defaultConfigurationName = Release;
		};
/* End XCConfigurationList section */
	};
	rootObject = 1C9537671FEDFB7700B87B01 /* Project object */;
}
